PODS:
  - AppAuth (1.6.2):
    - AppAuth/Core (= 1.6.2)
    - AppAuth/ExternalUserAgent (= 1.6.2)
  - AppAuth/Core (1.6.2)
  - AppAuth/ExternalUserAgent (1.6.2):
    - AppAuth/Core
  - FloatingPanel (2.5.5)
  - GoogleSignIn (7.0.0):
    - AppAuth (~> 1.5)
    - GTMAppAuth (< 3.0, >= 1.3)
    - GTMSessionFetcher/Core (< 4.0, >= 1.1)
  - GTMAppAuth (2.0.0):
    - AppAuth/Core (~> 1.6)
    - GTMSessionFetcher/Core (< 4.0, >= 1.5)
  - GTMSessionFetcher/Core (3.2.0)
  - JTAppleCalendar (7.1.8)
  - SDWebImage (5.7.3):
    - SDWebImage/Core (= 5.7.3)
  - SDWebImage/Core (5.7.3)
  - SkeletonView (1.25.1)

DEPENDENCIES:
  - FloatingPanel (= 2.5.5)
  - GoogleSignIn (= 7.0.0)
  - JTAppleCalendar (~> 7.0)
  - SDWebImage (~> 5.0)
  - SkeletonView (= 1.25.1)

SPEC REPOS:
  trunk:
    - AppAuth
    - FloatingPanel
    - GoogleSignIn
    - GTMAppAuth
    - GTMSessionFetcher
    - JTAppleCalendar
    - SDWebImage
    - SkeletonView

SPEC CHECKSUMS:
  AppAuth: 3bb1d1cd9340bd09f5ed189fb00b1cc28e1e8570
  FloatingPanel: a27e7827e0f710fa6236fe2596dd1b5484cb4fc1
  GoogleSignIn: b232380cf495a429b8095d3178a8d5855b42e842
  GTMAppAuth: 99fb010047ba3973b7026e45393f51f27ab965ae
  GTMSessionFetcher: 41b9ef0b4c08a6db4b7eb51a21ae5183ec99a2c8
  JTAppleCalendar: b7fb40852f5f319fe55c8ec3861f1de0edc99cc8
  SDWebImage: 97351f6582ceca541ea294ba66a1fcb342a331c2
  SkeletonView: 77079530e1348a72f48b79ae30dcb966c1b18b6a

PODFILE CHECKSUM: d6317a3fd26d48bf638c3868c5d0dab5a84f0e54

COCOAPODS: 1.14.3
