// !$*UTF8*$!
{
	archiveVersion = 1;
	classes = {
	};
	objectVersion = 46;
	objects = {

/* Begin PBXBuildFile section */
		A80210CD208CD0DB003ADEFD /* UserInfoLeftMenuTableViewCell.swift in Sources */ = {isa = PBXBuildFile; fileRef = A80210CC208CD0DB003ADEFD /* UserInfoLeftMenuTableViewCell.swift */; };
		A808C616220FACF6004162E4 /* SmallListView.swift in Sources */ = {isa = PBXBuildFile; fileRef = A808C615220FACF6004162E4 /* SmallListView.swift */; };
		A808C618220FAD06004162E4 /* SmallListView.xib in Resources */ = {isa = PBXBuildFile; fileRef = A808C617220FAD06004162E4 /* SmallListView.xib */; };
		A80EAE5621F44DD7006B02E8 /* EditThankYouViewController.swift in Sources */ = {isa = PBXBuildFile; fileRef = A80EAE5521F44DD7006B02E8 /* EditThankYouViewController.swift */; };
		A80EAE5821F4C0B4006B02E8 /* UIView+Highlight.swift in Sources */ = {isa = PBXBuildFile; fileRef = A80EAE5721F4C0B4006B02E8 /* UIView+Highlight.swift */; };
		A80EAE5A21FD5F87006B02E8 /* ThankYouCell.swift in Sources */ = {isa = PBXBuildFile; fileRef = A80EAE5921FD5F87006B02E8 /* ThankYouCell.swift */; };
		A80EAE5C21FD5FA6006B02E8 /* ThankYouCell.xib in Resources */ = {isa = PBXBuildFile; fileRef = A80EAE5B21FD5FA6006B02E8 /* ThankYouCell.xib */; };
		A810D8DA23461F99008F2E74 /* UIColor+Theme.swift in Sources */ = {isa = PBXBuildFile; fileRef = A810D8D923461F99008F2E74 /* UIColor+Theme.swift */; };
		A810D8DC2346211E008F2E74 /* ColorAssets.xcassets in Resources */ = {isa = PBXBuildFile; fileRef = A810D8DB2346211E008F2E74 /* ColorAssets.xcassets */; };
		A810D8E423483125008F2E74 /* String+Localizable.swift in Sources */ = {isa = PBXBuildFile; fileRef = A810D8E323483125008F2E74 /* String+Localizable.swift */; };
		A810D8E62348365B008F2E74 /* LocalizableExtensions.swift in Sources */ = {isa = PBXBuildFile; fileRef = A810D8E52348365B008F2E74 /* LocalizableExtensions.swift */; };
		A8114AF922E435960024975A /* ThankYouList.storyboard in Resources */ = {isa = PBXBuildFile; fileRef = A8114AF822E435960024975A /* ThankYouList.storyboard */; };
		A8114AFC22E446BD0024975A /* ThankYouCalendar.storyboard in Resources */ = {isa = PBXBuildFile; fileRef = A8114AFB22E446BD0024975A /* ThankYouCalendar.storyboard */; };
		A8114AFF22E448690024975A /* AddThankYou.storyboard in Resources */ = {isa = PBXBuildFile; fileRef = A8114AFE22E448690024975A /* AddThankYou.storyboard */; };
		A8114B0222E458C70024975A /* EditThankYou.storyboard in Resources */ = {isa = PBXBuildFile; fileRef = A8114B0122E458C70024975A /* EditThankYou.storyboard */; };
		A8114B0522E459F10024975A /* LeftMenu.storyboard in Resources */ = {isa = PBXBuildFile; fileRef = A8114B0422E459F10024975A /* LeftMenu.storyboard */; };
		A8114B0822E45BB90024975A /* Login.storyboard in Resources */ = {isa = PBXBuildFile; fileRef = A8114B0722E45BB90024975A /* Login.storyboard */; };
		A8114B0B23017DB70024975A /* ListScrollIndicatorMovableIcon.swift in Sources */ = {isa = PBXBuildFile; fileRef = A8114B0A23017DB70024975A /* ListScrollIndicatorMovableIcon.swift */; };
		A8114B0D23017DCC0024975A /* ListScrollIndicatorMovableIcon.xib in Resources */ = {isa = PBXBuildFile; fileRef = A8114B0C23017DCC0024975A /* ListScrollIndicatorMovableIcon.xib */; };
		A8114B10230180EF0024975A /* ListScrollIndicator.swift in Sources */ = {isa = PBXBuildFile; fileRef = A8114B0F230180EF0024975A /* ListScrollIndicator.swift */; };
		A820DE5421C5432500E7F3DF /* NotificationConst.swift in Sources */ = {isa = PBXBuildFile; fileRef = A820DE5321C5432500E7F3DF /* NotificationConst.swift */; };
		A820DE5721C61EF100E7F3DF /* UIView+Shadow.swift in Sources */ = {isa = PBXBuildFile; fileRef = A820DE5621C61EF000E7F3DF /* UIView+Shadow.swift */; };
		A824150F205CE28C00172587 /* LoginVC.swift in Sources */ = {isa = PBXBuildFile; fileRef = A824150E205CE28C00172587 /* LoginVC.swift */; };
		A83D5F891F5E961800E13FD8 /* CALayer+RuntimeAttribute.swift in Sources */ = {isa = PBXBuildFile; fileRef = A83D5F881F5E961800E13FD8 /* CALayer+RuntimeAttribute.swift */; };
		A841B339213ED3DE00E8AB5B /* LocalizedLabel.swift in Sources */ = {isa = PBXBuildFile; fileRef = A841B338213ED3DE00E8AB5B /* LocalizedLabel.swift */; };
		A84CBEE220F198E500CBA0AB /* ConstStruct.swift in Sources */ = {isa = PBXBuildFile; fileRef = A84CBEE120F198E400CBA0AB /* ConstStruct.swift */; };
		A84FDB5C21DBB8DF00593326 /* AddThankYouViewController.swift in Sources */ = {isa = PBXBuildFile; fileRef = A84FDB5B21DBB8DF00593326 /* AddThankYouViewController.swift */; };
		A84FDB5E21DC365F00593326 /* SettingHeaderView.xib in Resources */ = {isa = PBXBuildFile; fileRef = A84FDB5D21DC365F00593326 /* SettingHeaderView.xib */; };
		A84FDB6021DC37EA00593326 /* SettingHeaderView.swift in Sources */ = {isa = PBXBuildFile; fileRef = A84FDB5F21DC37E900593326 /* SettingHeaderView.swift */; };
		A85D9D011EA64AF900945E6E /* ThankYouData.swift in Sources */ = {isa = PBXBuildFile; fileRef = A85D9D001EA64AF900945E6E /* ThankYouData.swift */; };
		A85DCC081F5D2151004E1095 /* CustomCell.swift in Sources */ = {isa = PBXBuildFile; fileRef = A85DCC071F5D2151004E1095 /* CustomCell.swift */; };
		A864849B2160F5BF0049D90A /* Pods_ThankYouList.framework in Frameworks */ = {isa = PBXBuildFile; fileRef = 14D49C15FD4089235E28B5ED /* Pods_ThankYouList.framework */; };
		A866BEE3209EA2BC0073A76D /* LeftMenuTableViewCell.swift in Sources */ = {isa = PBXBuildFile; fileRef = A866BEE2209EA2BC0073A76D /* LeftMenuTableViewCell.swift */; };
		A866BEE520B931620073A76D /* TYLColor.swift in Sources */ = {isa = PBXBuildFile; fileRef = A866BEE420B931620073A76D /* TYLColor.swift */; };
		A881350C211FD40C00BE8F48 /* BalloonView.swift in Sources */ = {isa = PBXBuildFile; fileRef = A881350B211FD40C00BE8F48 /* BalloonView.swift */; };
		A881350E2131432C00BE8F48 /* EmptyView.xib in Resources */ = {isa = PBXBuildFile; fileRef = A881350D2131432C00BE8F48 /* EmptyView.xib */; };
		A88135102131435100BE8F48 /* EmptyView.swift in Sources */ = {isa = PBXBuildFile; fileRef = A881350F2131435100BE8F48 /* EmptyView.swift */; };
		A8831CC71E9CFE6B00F3CA0A /* AppDelegate.swift in Sources */ = {isa = PBXBuildFile; fileRef = A8831CC61E9CFE6B00F3CA0A /* AppDelegate.swift */; };
		A8831CC91E9CFE6B00F3CA0A /* ThankYouListViewController.swift in Sources */ = {isa = PBXBuildFile; fileRef = A8831CC81E9CFE6B00F3CA0A /* ThankYouListViewController.swift */; };
		A8831CCE1E9CFE6B00F3CA0A /* Assets.xcassets in Resources */ = {isa = PBXBuildFile; fileRef = A8831CCD1E9CFE6B00F3CA0A /* Assets.xcassets */; };
		A89AF9E72106905500FF6893 /* Crypto.swift in Sources */ = {isa = PBXBuildFile; fileRef = A89AF9E62106905500FF6893 /* Crypto.swift */; };
		A89CF876211C73AC00CA5518 /* SecretData.swift in Sources */ = {isa = PBXBuildFile; fileRef = A89CF875211C73AC00CA5518 /* SecretData.swift */; };
		A8A0FE5C205D59170048AB33 /* LeftMenuVC.swift in Sources */ = {isa = PBXBuildFile; fileRef = A8A0FE5B205D59170048AB33 /* LeftMenuVC.swift */; };
		A8A0FE61205E005D0048AB33 /* UIColor+SetColor.swift in Sources */ = {isa = PBXBuildFile; fileRef = A8A0FE60205E005D0048AB33 /* UIColor+SetColor.swift */; };
		A8AC1BD01FAE00B600D1B25B /* Localizable.strings in Resources */ = {isa = PBXBuildFile; fileRef = A8AC1BCE1FAE00B600D1B25B /* Localizable.strings */; };
		A8AC1BD31FAEA4B000D1B25B /* UITextView+PlaceHolder.swift in Sources */ = {isa = PBXBuildFile; fileRef = A8AC1BD21FAEA4AF00D1B25B /* UITextView+PlaceHolder.swift */; };
		A8AC1BD71FD20E5500D1B25B /* MainTabBarController.swift in Sources */ = {isa = PBXBuildFile; fileRef = A8AC1BD61FD20E5500D1B25B /* MainTabBarController.swift */; };
		A8AFE4CF22DB81960045C707 /* GoogleService-Info.plist in Resources */ = {isa = PBXBuildFile; fileRef = A8AFE4CE22DB81960045C707 /* GoogleService-Info.plist */; };
		A8B6EE8E2201E41D00908D51 /* String+ToDate.swift in Sources */ = {isa = PBXBuildFile; fileRef = A8B6EE8D2201E41D00908D51 /* String+ToDate.swift */; };
		A8B6EE9122055CE900908D51 /* Date+ToString.swift in Sources */ = {isa = PBXBuildFile; fileRef = A8B6EE9022055CE900908D51 /* Date+ToString.swift */; };
		A8B6EE932205900D00908D51 /* ListSectionHeaderView.xib in Resources */ = {isa = PBXBuildFile; fileRef = A8B6EE922205900D00908D51 /* ListSectionHeaderView.xib */; };
		A8B6EE952205902100908D51 /* ListSectionHeaderView.swift in Sources */ = {isa = PBXBuildFile; fileRef = A8B6EE942205902100908D51 /* ListSectionHeaderView.swift */; };
		A8BA38B91F5CC5F600817D5C /* images.xcassets in Resources */ = {isa = PBXBuildFile; fileRef = A8BA38B81F5CC5F600817D5C /* images.xcassets */; };
		A8C59B76243CC86100FF79EA /* R.generated.swift in Sources */ = {isa = PBXBuildFile; fileRef = A8C59B75243CC86100FF79EA /* R.generated.swift */; };
		A8C59B79243CD32200FF79EA /* MyPage.storyboard in Resources */ = {isa = PBXBuildFile; fileRef = A8C59B78243CD32200FF79EA /* MyPage.storyboard */; };
		A8C59B7B243CD35D00FF79EA /* MyPageViewController.swift in Sources */ = {isa = PBXBuildFile; fileRef = A8C59B7A243CD35D00FF79EA /* MyPageViewController.swift */; };
		A8C59B7D243CD72300FF79EA /* UIViewController+Setup.swift in Sources */ = {isa = PBXBuildFile; fileRef = A8C59B7C243CD72300FF79EA /* UIViewController+Setup.swift */; };
		A8C90AE02302ECA3008C6A4A /* ListScrollIndicatorTitleView.swift in Sources */ = {isa = PBXBuildFile; fileRef = A8C90ADF2302ECA3008C6A4A /* ListScrollIndicatorTitleView.swift */; };
		A8C90AE22302ECCA008C6A4A /* ListScrollIndicatorTitleView.xib in Resources */ = {isa = PBXBuildFile; fileRef = A8C90AE12302ECCA008C6A4A /* ListScrollIndicatorTitleView.xib */; };
		A8D41E1C21E0E07B00A77B48 /* SettingDateView.swift in Sources */ = {isa = PBXBuildFile; fileRef = A8D41E1B21E0E07B00A77B48 /* SettingDateView.swift */; };
		A8DB2FBA1F5D41540055E8A4 /* CalendarViewController.swift in Sources */ = {isa = PBXBuildFile; fileRef = A8DB2FB91F5D41540055E8A4 /* CalendarViewController.swift */; };
		A8F06BB91F55396F00A90170 /* Launch Screen.storyboard in Resources */ = {isa = PBXBuildFile; fileRef = A8F06BB81F55396F00A90170 /* Launch Screen.storyboard */; };
		A8F649B71EEB96D100D6BA84 /* GlobalThankYouData.swift in Sources */ = {isa = PBXBuildFile; fileRef = A8F649B61EEB96D100D6BA84 /* GlobalThankYouData.swift */; };
/* End PBXBuildFile section */

/* Begin PBXFileReference section */
		14D49C15FD4089235E28B5ED /* Pods_ThankYouList.framework */ = {isa = PBXFileReference; explicitFileType = wrapper.framework; includeInIndex = 0; path = Pods_ThankYouList.framework; sourceTree = BUILT_PRODUCTS_DIR; };
		A015AC112826D3ABF5A416EC /* Pods-ThankYouList.release.xcconfig */ = {isa = PBXFileReference; includeInIndex = 1; lastKnownFileType = text.xcconfig; name = "Pods-ThankYouList.release.xcconfig"; path = "Pods/Target Support Files/Pods-ThankYouList/Pods-ThankYouList.release.xcconfig"; sourceTree = "<group>"; };
		A80210CC208CD0DB003ADEFD /* UserInfoLeftMenuTableViewCell.swift */ = {isa = PBXFileReference; lastKnownFileType = sourcecode.swift; path = UserInfoLeftMenuTableViewCell.swift; sourceTree = "<group>"; };
		A808C615220FACF6004162E4 /* SmallListView.swift */ = {isa = PBXFileReference; lastKnownFileType = sourcecode.swift; path = SmallListView.swift; sourceTree = "<group>"; };
		A808C617220FAD06004162E4 /* SmallListView.xib */ = {isa = PBXFileReference; lastKnownFileType = file.xib; path = SmallListView.xib; sourceTree = "<group>"; };
		A80EAE5521F44DD7006B02E8 /* EditThankYouViewController.swift */ = {isa = PBXFileReference; lastKnownFileType = sourcecode.swift; path = EditThankYouViewController.swift; sourceTree = "<group>"; };
		A80EAE5721F4C0B4006B02E8 /* UIView+Highlight.swift */ = {isa = PBXFileReference; lastKnownFileType = sourcecode.swift; path = "UIView+Highlight.swift"; sourceTree = "<group>"; };
		A80EAE5921FD5F87006B02E8 /* ThankYouCell.swift */ = {isa = PBXFileReference; lastKnownFileType = sourcecode.swift; path = ThankYouCell.swift; sourceTree = "<group>"; };
		A80EAE5B21FD5FA6006B02E8 /* ThankYouCell.xib */ = {isa = PBXFileReference; lastKnownFileType = file.xib; path = ThankYouCell.xib; sourceTree = "<group>"; };
		A810D8D923461F99008F2E74 /* UIColor+Theme.swift */ = {isa = PBXFileReference; lastKnownFileType = sourcecode.swift; path = "UIColor+Theme.swift"; sourceTree = "<group>"; };
		A810D8DB2346211E008F2E74 /* ColorAssets.xcassets */ = {isa = PBXFileReference; lastKnownFileType = folder.assetcatalog; path = ColorAssets.xcassets; sourceTree = "<group>"; };
		A810D8E323483125008F2E74 /* String+Localizable.swift */ = {isa = PBXFileReference; lastKnownFileType = sourcecode.swift; path = "String+Localizable.swift"; sourceTree = "<group>"; };
		A810D8E52348365B008F2E74 /* LocalizableExtensions.swift */ = {isa = PBXFileReference; lastKnownFileType = sourcecode.swift; path = LocalizableExtensions.swift; sourceTree = "<group>"; };
		A8114AF822E435960024975A /* ThankYouList.storyboard */ = {isa = PBXFileReference; lastKnownFileType = file.storyboard; path = ThankYouList.storyboard; sourceTree = "<group>"; };
		A8114AFB22E446BD0024975A /* ThankYouCalendar.storyboard */ = {isa = PBXFileReference; lastKnownFileType = file.storyboard; path = ThankYouCalendar.storyboard; sourceTree = "<group>"; };
		A8114AFE22E448690024975A /* AddThankYou.storyboard */ = {isa = PBXFileReference; lastKnownFileType = file.storyboard; path = AddThankYou.storyboard; sourceTree = "<group>"; };
		A8114B0122E458C70024975A /* EditThankYou.storyboard */ = {isa = PBXFileReference; lastKnownFileType = file.storyboard; path = EditThankYou.storyboard; sourceTree = "<group>"; };
		A8114B0422E459F10024975A /* LeftMenu.storyboard */ = {isa = PBXFileReference; lastKnownFileType = file.storyboard; path = LeftMenu.storyboard; sourceTree = "<group>"; };
		A8114B0722E45BB90024975A /* Login.storyboard */ = {isa = PBXFileReference; lastKnownFileType = file.storyboard; path = Login.storyboard; sourceTree = "<group>"; };
		A8114B0A23017DB70024975A /* ListScrollIndicatorMovableIcon.swift */ = {isa = PBXFileReference; lastKnownFileType = sourcecode.swift; path = ListScrollIndicatorMovableIcon.swift; sourceTree = "<group>"; };
		A8114B0C23017DCC0024975A /* ListScrollIndicatorMovableIcon.xib */ = {isa = PBXFileReference; lastKnownFileType = file.xib; path = ListScrollIndicatorMovableIcon.xib; sourceTree = "<group>"; };
		A8114B0F230180EF0024975A /* ListScrollIndicator.swift */ = {isa = PBXFileReference; lastKnownFileType = sourcecode.swift; path = ListScrollIndicator.swift; sourceTree = "<group>"; };
		A820DE5321C5432500E7F3DF /* NotificationConst.swift */ = {isa = PBXFileReference; lastKnownFileType = sourcecode.swift; path = NotificationConst.swift; sourceTree = "<group>"; };
		A820DE5621C61EF000E7F3DF /* UIView+Shadow.swift */ = {isa = PBXFileReference; lastKnownFileType = sourcecode.swift; path = "UIView+Shadow.swift"; sourceTree = "<group>"; };
		A824150B205CDF5800172587 /* ThankYouList.entitlements */ = {isa = PBXFileReference; lastKnownFileType = text.plist.entitlements; path = ThankYouList.entitlements; sourceTree = "<group>"; };
		A824150E205CE28C00172587 /* LoginVC.swift */ = {isa = PBXFileReference; lastKnownFileType = sourcecode.swift; path = LoginVC.swift; sourceTree = "<group>"; };
		A83D5F881F5E961800E13FD8 /* CALayer+RuntimeAttribute.swift */ = {isa = PBXFileReference; fileEncoding = 4; lastKnownFileType = sourcecode.swift; path = "CALayer+RuntimeAttribute.swift"; sourceTree = "<group>"; };
		A841B338213ED3DE00E8AB5B /* LocalizedLabel.swift */ = {isa = PBXFileReference; lastKnownFileType = sourcecode.swift; path = LocalizedLabel.swift; sourceTree = "<group>"; };
		A84CBEE120F198E400CBA0AB /* ConstStruct.swift */ = {isa = PBXFileReference; lastKnownFileType = sourcecode.swift; path = ConstStruct.swift; sourceTree = "<group>"; };
		A84FDB5B21DBB8DF00593326 /* AddThankYouViewController.swift */ = {isa = PBXFileReference; lastKnownFileType = sourcecode.swift; path = AddThankYouViewController.swift; sourceTree = "<group>"; };
		A84FDB5D21DC365F00593326 /* SettingHeaderView.xib */ = {isa = PBXFileReference; lastKnownFileType = file.xib; path = SettingHeaderView.xib; sourceTree = "<group>"; };
		A84FDB5F21DC37E900593326 /* SettingHeaderView.swift */ = {isa = PBXFileReference; lastKnownFileType = sourcecode.swift; path = SettingHeaderView.swift; sourceTree = "<group>"; };
		A85D9D001EA64AF900945E6E /* ThankYouData.swift */ = {isa = PBXFileReference; fileEncoding = 4; lastKnownFileType = sourcecode.swift; path = ThankYouData.swift; sourceTree = "<group>"; };
		A85DCC071F5D2151004E1095 /* CustomCell.swift */ = {isa = PBXFileReference; fileEncoding = 4; lastKnownFileType = sourcecode.swift; path = CustomCell.swift; sourceTree = "<group>"; };
		A866BEE2209EA2BC0073A76D /* LeftMenuTableViewCell.swift */ = {isa = PBXFileReference; lastKnownFileType = sourcecode.swift; path = LeftMenuTableViewCell.swift; sourceTree = "<group>"; };
		A866BEE420B931620073A76D /* TYLColor.swift */ = {isa = PBXFileReference; lastKnownFileType = sourcecode.swift; path = TYLColor.swift; sourceTree = "<group>"; };
		A881350B211FD40C00BE8F48 /* BalloonView.swift */ = {isa = PBXFileReference; lastKnownFileType = sourcecode.swift; path = BalloonView.swift; sourceTree = "<group>"; };
		A881350D2131432C00BE8F48 /* EmptyView.xib */ = {isa = PBXFileReference; lastKnownFileType = file.xib; path = EmptyView.xib; sourceTree = "<group>"; };
		A881350F2131435100BE8F48 /* EmptyView.swift */ = {isa = PBXFileReference; lastKnownFileType = sourcecode.swift; path = EmptyView.swift; sourceTree = "<group>"; };
		A8831CC31E9CFE6B00F3CA0A /* ThankYouList.app */ = {isa = PBXFileReference; explicitFileType = wrapper.application; includeInIndex = 0; path = ThankYouList.app; sourceTree = BUILT_PRODUCTS_DIR; };
		A8831CC61E9CFE6B00F3CA0A /* AppDelegate.swift */ = {isa = PBXFileReference; lastKnownFileType = sourcecode.swift; path = AppDelegate.swift; sourceTree = "<group>"; };
		A8831CC81E9CFE6B00F3CA0A /* ThankYouListViewController.swift */ = {isa = PBXFileReference; lastKnownFileType = sourcecode.swift; path = ThankYouListViewController.swift; sourceTree = "<group>"; };
		A8831CCD1E9CFE6B00F3CA0A /* Assets.xcassets */ = {isa = PBXFileReference; lastKnownFileType = folder.assetcatalog; path = Assets.xcassets; sourceTree = "<group>"; };
		A8831CD21E9CFE6B00F3CA0A /* Info.plist */ = {isa = PBXFileReference; lastKnownFileType = text.plist.xml; path = Info.plist; sourceTree = "<group>"; };
		A89AF9E62106905500FF6893 /* Crypto.swift */ = {isa = PBXFileReference; lastKnownFileType = sourcecode.swift; path = Crypto.swift; sourceTree = "<group>"; };
		A89CF875211C73AC00CA5518 /* SecretData.swift */ = {isa = PBXFileReference; lastKnownFileType = sourcecode.swift; path = SecretData.swift; sourceTree = "<group>"; };
		A8A0FE5B205D59170048AB33 /* LeftMenuVC.swift */ = {isa = PBXFileReference; lastKnownFileType = sourcecode.swift; path = LeftMenuVC.swift; sourceTree = "<group>"; };
		A8A0FE60205E005D0048AB33 /* UIColor+SetColor.swift */ = {isa = PBXFileReference; lastKnownFileType = sourcecode.swift; path = "UIColor+SetColor.swift"; sourceTree = "<group>"; };
		A8AC1BCF1FAE00B600D1B25B /* Base */ = {isa = PBXFileReference; lastKnownFileType = text.plist.strings; name = Base; path = Base.lproj/Localizable.strings; sourceTree = "<group>"; };
		A8AC1BD11FAE00DE00D1B25B /* ja */ = {isa = PBXFileReference; lastKnownFileType = text.plist.strings; name = ja; path = ja.lproj/Localizable.strings; sourceTree = "<group>"; };
		A8AC1BD21FAEA4AF00D1B25B /* UITextView+PlaceHolder.swift */ = {isa = PBXFileReference; lastKnownFileType = sourcecode.swift; path = "UITextView+PlaceHolder.swift"; sourceTree = "<group>"; };
		A8AC1BD61FD20E5500D1B25B /* MainTabBarController.swift */ = {isa = PBXFileReference; lastKnownFileType = sourcecode.swift; path = MainTabBarController.swift; sourceTree = "<group>"; };
		A8AFE4CE22DB81960045C707 /* GoogleService-Info.plist */ = {isa = PBXFileReference; fileEncoding = 4; lastKnownFileType = text.plist.xml; path = "GoogleService-Info.plist"; sourceTree = "<group>"; };
		A8B6EE8D2201E41D00908D51 /* String+ToDate.swift */ = {isa = PBXFileReference; lastKnownFileType = sourcecode.swift; path = "String+ToDate.swift"; sourceTree = "<group>"; };
		A8B6EE9022055CE900908D51 /* Date+ToString.swift */ = {isa = PBXFileReference; lastKnownFileType = sourcecode.swift; path = "Date+ToString.swift"; sourceTree = "<group>"; };
		A8B6EE922205900D00908D51 /* ListSectionHeaderView.xib */ = {isa = PBXFileReference; lastKnownFileType = file.xib; path = ListSectionHeaderView.xib; sourceTree = "<group>"; };
		A8B6EE942205902100908D51 /* ListSectionHeaderView.swift */ = {isa = PBXFileReference; lastKnownFileType = sourcecode.swift; path = ListSectionHeaderView.swift; sourceTree = "<group>"; };
		A8BA38B81F5CC5F600817D5C /* images.xcassets */ = {isa = PBXFileReference; lastKnownFileType = folder.assetcatalog; path = images.xcassets; sourceTree = "<group>"; };
		A8C59B75243CC86100FF79EA /* R.generated.swift */ = {isa = PBXFileReference; fileEncoding = 4; lastKnownFileType = sourcecode.swift; path = R.generated.swift; sourceTree = SOURCE_ROOT; };
		A8C59B78243CD32200FF79EA /* MyPage.storyboard */ = {isa = PBXFileReference; lastKnownFileType = file.storyboard; path = MyPage.storyboard; sourceTree = "<group>"; };
		A8C59B7A243CD35D00FF79EA /* MyPageViewController.swift */ = {isa = PBXFileReference; lastKnownFileType = sourcecode.swift; path = MyPageViewController.swift; sourceTree = "<group>"; };
		A8C59B7C243CD72300FF79EA /* UIViewController+Setup.swift */ = {isa = PBXFileReference; lastKnownFileType = sourcecode.swift; path = "UIViewController+Setup.swift"; sourceTree = "<group>"; };
		A8C90ADF2302ECA3008C6A4A /* ListScrollIndicatorTitleView.swift */ = {isa = PBXFileReference; lastKnownFileType = sourcecode.swift; path = ListScrollIndicatorTitleView.swift; sourceTree = "<group>"; };
		A8C90AE12302ECCA008C6A4A /* ListScrollIndicatorTitleView.xib */ = {isa = PBXFileReference; lastKnownFileType = file.xib; path = ListScrollIndicatorTitleView.xib; sourceTree = "<group>"; };
		A8D41E1B21E0E07B00A77B48 /* SettingDateView.swift */ = {isa = PBXFileReference; lastKnownFileType = sourcecode.swift; path = SettingDateView.swift; sourceTree = "<group>"; };
		A8DB2FB91F5D41540055E8A4 /* CalendarViewController.swift */ = {isa = PBXFileReference; fileEncoding = 4; lastKnownFileType = sourcecode.swift; path = CalendarViewController.swift; sourceTree = "<group>"; };
		A8F06BB81F55396F00A90170 /* Launch Screen.storyboard */ = {isa = PBXFileReference; fileEncoding = 4; lastKnownFileType = file.storyboard; path = "Launch Screen.storyboard"; sourceTree = "<group>"; };
		A8F649B61EEB96D100D6BA84 /* GlobalThankYouData.swift */ = {isa = PBXFileReference; fileEncoding = 4; lastKnownFileType = sourcecode.swift; path = GlobalThankYouData.swift; sourceTree = "<group>"; };
		BA00FC82559EE1AEA8CE9577 /* Pods-ThankYouList.debug.xcconfig */ = {isa = PBXFileReference; includeInIndex = 1; lastKnownFileType = text.xcconfig; name = "Pods-ThankYouList.debug.xcconfig"; path = "Pods/Target Support Files/Pods-ThankYouList/Pods-ThankYouList.debug.xcconfig"; sourceTree = "<group>"; };
/* End PBXFileReference section */

/* Begin PBXFrameworksBuildPhase section */
		A8831CC01E9CFE6B00F3CA0A /* Frameworks */ = {
			isa = PBXFrameworksBuildPhase;
			buildActionMask = 2147483647;
			files = (
				A864849B2160F5BF0049D90A /* Pods_ThankYouList.framework in Frameworks */,
			);
			runOnlyForDeploymentPostprocessing = 0;
		};
/* End PBXFrameworksBuildPhase section */

/* Begin PBXGroup section */
		21D7F665A4A556DF37EC30AD /* Pods */ = {
			isa = PBXGroup;
			children = (
				BA00FC82559EE1AEA8CE9577 /* Pods-ThankYouList.debug.xcconfig */,
				A015AC112826D3ABF5A416EC /* Pods-ThankYouList.release.xcconfig */,
			);
			name = Pods;
			sourceTree = "<group>";
		};
		A808C612220E349A004162E4 /* Models */ = {
			isa = PBXGroup;
			children = (
				A85D9D001EA64AF900945E6E /* ThankYouData.swift */,
			);
			path = Models;
			sourceTree = "<group>";
		};
		A8114AF522DB97410024975A /* Supports */ = {
			isa = PBXGroup;
			children = (
				A8F649B61EEB96D100D6BA84 /* GlobalThankYouData.swift */,
			);
			path = Supports;
			sourceTree = "<group>";
		};
		A8114AF622E435140024975A /* Presenter */ = {
			isa = PBXGroup;
			children = (
				A8114B0922E45DC10024975A /* MainTabBar */,
				A8114B0622E45BAA0024975A /* Login */,
				A8C59B77243CD30700FF79EA /* MyPage */,
				A8114B0322E459DE0024975A /* LeftMenu */,
				A8114B0022E458AD0024975A /* EditThankYou */,
				A8114AFD22E4484C0024975A /* AddThankYou */,
				A8114AFA22E4468B0024975A /* ThankYouCalendar */,
				A8114AF722E4355B0024975A /* ThankYouList */,
			);
			path = Presenter;
			sourceTree = "<group>";
		};
		A8114AF722E4355B0024975A /* ThankYouList */ = {
			isa = PBXGroup;
			children = (
				A8114B0E23017F6A0024975A /* ScrollIndicator */,
				A881350B211FD40C00BE8F48 /* BalloonView.swift */,
				A881350D2131432C00BE8F48 /* EmptyView.xib */,
				A881350F2131435100BE8F48 /* EmptyView.swift */,
				A8B6EE922205900D00908D51 /* ListSectionHeaderView.xib */,
				A8B6EE942205902100908D51 /* ListSectionHeaderView.swift */,
				A80EAE5B21FD5FA6006B02E8 /* ThankYouCell.xib */,
				A80EAE5921FD5F87006B02E8 /* ThankYouCell.swift */,
				A8831CC81E9CFE6B00F3CA0A /* ThankYouListViewController.swift */,
				A8114AF822E435960024975A /* ThankYouList.storyboard */,
			);
			path = ThankYouList;
			sourceTree = "<group>";
		};
		A8114AFA22E4468B0024975A /* ThankYouCalendar */ = {
			isa = PBXGroup;
			children = (
				A808C617220FAD06004162E4 /* SmallListView.xib */,
				A808C615220FACF6004162E4 /* SmallListView.swift */,
				A85DCC071F5D2151004E1095 /* CustomCell.swift */,
				A8DB2FB91F5D41540055E8A4 /* CalendarViewController.swift */,
				A8114AFB22E446BD0024975A /* ThankYouCalendar.storyboard */,
			);
			path = ThankYouCalendar;
			sourceTree = "<group>";
		};
		A8114AFD22E4484C0024975A /* AddThankYou */ = {
			isa = PBXGroup;
			children = (
				A8D41E1B21E0E07B00A77B48 /* SettingDateView.swift */,
				A84FDB5D21DC365F00593326 /* SettingHeaderView.xib */,
				A84FDB5F21DC37E900593326 /* SettingHeaderView.swift */,
				A84FDB5B21DBB8DF00593326 /* AddThankYouViewController.swift */,
				A8114AFE22E448690024975A /* AddThankYou.storyboard */,
			);
			path = AddThankYou;
			sourceTree = "<group>";
		};
		A8114B0022E458AD0024975A /* EditThankYou */ = {
			isa = PBXGroup;
			children = (
				A80EAE5521F44DD7006B02E8 /* EditThankYouViewController.swift */,
				A8114B0122E458C70024975A /* EditThankYou.storyboard */,
			);
			path = EditThankYou;
			sourceTree = "<group>";
		};
		A8114B0322E459DE0024975A /* LeftMenu */ = {
			isa = PBXGroup;
			children = (
				A866BEE2209EA2BC0073A76D /* LeftMenuTableViewCell.swift */,
				A80210CC208CD0DB003ADEFD /* UserInfoLeftMenuTableViewCell.swift */,
				A8A0FE5B205D59170048AB33 /* LeftMenuVC.swift */,
				A8114B0422E459F10024975A /* LeftMenu.storyboard */,
			);
			path = LeftMenu;
			sourceTree = "<group>";
		};
		A8114B0622E45BAA0024975A /* Login */ = {
			isa = PBXGroup;
			children = (
				A824150E205CE28C00172587 /* LoginVC.swift */,
				A8114B0722E45BB90024975A /* Login.storyboard */,
			);
			path = Login;
			sourceTree = "<group>";
		};
		A8114B0922E45DC10024975A /* MainTabBar */ = {
			isa = PBXGroup;
			children = (
				A8AC1BD61FD20E5500D1B25B /* MainTabBarController.swift */,
			);
			path = MainTabBar;
			sourceTree = "<group>";
		};
		A8114B0E23017F6A0024975A /* ScrollIndicator */ = {
			isa = PBXGroup;
			children = (
				A8114B0A23017DB70024975A /* ListScrollIndicatorMovableIcon.swift */,
				A8114B0C23017DCC0024975A /* ListScrollIndicatorMovableIcon.xib */,
				A8C90ADF2302ECA3008C6A4A /* ListScrollIndicatorTitleView.swift */,
				A8C90AE12302ECCA008C6A4A /* ListScrollIndicatorTitleView.xib */,
				A8114B0F230180EF0024975A /* ListScrollIndicator.swift */,
			);
			path = ScrollIndicator;
			sourceTree = "<group>";
		};
		A820DE5221C5430B00E7F3DF /* Const */ = {
			isa = PBXGroup;
			children = (
				A84CBEE120F198E400CBA0AB /* ConstStruct.swift */,
				A820DE5321C5432500E7F3DF /* NotificationConst.swift */,
			);
			path = Const;
			sourceTree = "<group>";
		};
		A820DE5521C61E6F00E7F3DF /* Extension */ = {
			isa = PBXGroup;
			children = (
				A8A0FE60205E005D0048AB33 /* UIColor+SetColor.swift */,
				A810D8D923461F99008F2E74 /* UIColor+Theme.swift */,
				A8AC1BD21FAEA4AF00D1B25B /* UITextView+PlaceHolder.swift */,
				A83D5F881F5E961800E13FD8 /* CALayer+RuntimeAttribute.swift */,
				A820DE5621C61EF000E7F3DF /* UIView+Shadow.swift */,
				A80EAE5721F4C0B4006B02E8 /* UIView+Highlight.swift */,
				A8B6EE8D2201E41D00908D51 /* String+ToDate.swift */,
				A810D8E323483125008F2E74 /* String+Localizable.swift */,
				A8B6EE9022055CE900908D51 /* Date+ToString.swift */,
				A810D8E52348365B008F2E74 /* LocalizableExtensions.swift */,
				A8C59B7C243CD72300FF79EA /* UIViewController+Setup.swift */,
			);
			path = Extension;
			sourceTree = "<group>";
		};
		A8831CBA1E9CFE6B00F3CA0A = {
			isa = PBXGroup;
			children = (
				A8831CC41E9CFE6B00F3CA0A /* Products */,
				A8831CC51E9CFE6B00F3CA0A /* ThankYouList */,
				21D7F665A4A556DF37EC30AD /* Pods */,
				D9B61224EE9861DF0D778DEA /* Frameworks */,
			);
			sourceTree = "<group>";
		};
		A8831CC41E9CFE6B00F3CA0A /* Products */ = {
			isa = PBXGroup;
			children = (
				A8831CC31E9CFE6B00F3CA0A /* ThankYouList.app */,
			);
			name = Products;
			sourceTree = "<group>";
		};
		A8831CC51E9CFE6B00F3CA0A /* ThankYouList */ = {
			isa = PBXGroup;
			children = (
				A8C59B75243CC86100FF79EA /* R.generated.swift */,
				A8831CC61E9CFE6B00F3CA0A /* AppDelegate.swift */,
				A8B6EE8F2201E49C00908D51 /* Resources */,
				A820DE5521C61E6F00E7F3DF /* Extension */,
				A820DE5221C5430B00E7F3DF /* Const */,
				A8114AF622E435140024975A /* Presenter */,
				A808C612220E349A004162E4 /* Models */,
				A8114AF522DB97410024975A /* Supports */,
				A89CF875211C73AC00CA5518 /* SecretData.swift */,
				A866BEE420B931620073A76D /* TYLColor.swift */,
				A89AF9E62106905500FF6893 /* Crypto.swift */,
				A841B338213ED3DE00E8AB5B /* LocalizedLabel.swift */,
			);
			path = ThankYouList;
			sourceTree = "<group>";
		};
		A8B6EE8F2201E49C00908D51 /* Resources */ = {
			isa = PBXGroup;
			children = (
				A8BA38B81F5CC5F600817D5C /* images.xcassets */,
				A8831CCD1E9CFE6B00F3CA0A /* Assets.xcassets */,
				A810D8DB2346211E008F2E74 /* ColorAssets.xcassets */,
				A824150B205CDF5800172587 /* ThankYouList.entitlements */,
				A8AFE4CE22DB81960045C707 /* GoogleService-Info.plist */,
				A8F06BB81F55396F00A90170 /* Launch Screen.storyboard */,
				A8831CD21E9CFE6B00F3CA0A /* Info.plist */,
				A8AC1BCE1FAE00B600D1B25B /* Localizable.strings */,
			);
			path = Resources;
			sourceTree = "<group>";
		};
		A8C59B77243CD30700FF79EA /* MyPage */ = {
			isa = PBXGroup;
			children = (
				A8C59B7A243CD35D00FF79EA /* MyPageViewController.swift */,
				A8C59B78243CD32200FF79EA /* MyPage.storyboard */,
			);
			path = MyPage;
			sourceTree = "<group>";
		};
		D9B61224EE9861DF0D778DEA /* Frameworks */ = {
			isa = PBXGroup;
			children = (
				14D49C15FD4089235E28B5ED /* Pods_ThankYouList.framework */,
			);
			name = Frameworks;
			sourceTree = "<group>";
		};
/* End PBXGroup section */

/* Begin PBXNativeTarget section */
		A8831CC21E9CFE6B00F3CA0A /* ThankYouList */ = {
			isa = PBXNativeTarget;
			buildConfigurationList = A8831CD51E9CFE6B00F3CA0A /* Build configuration list for PBXNativeTarget "ThankYouList" */;
			buildPhases = (
				4A818A52C71909CB7AAB9067 /* [CP] Check Pods Manifest.lock */,
				A8C59B74243CC7AD00FF79EA /* Generate R.generated */,
				A8831CBF1E9CFE6B00F3CA0A /* Sources */,
				A8831CC01E9CFE6B00F3CA0A /* Frameworks */,
				A8831CC11E9CFE6B00F3CA0A /* Resources */,
				D46E638CB34C7D224BCD3B6F /* [CP] Embed Pods Frameworks */,
				0A62E865DE4A764E4E385068 /* [CP] Copy Pods Resources */,
			);
			buildRules = (
			);
			dependencies = (
			);
			name = ThankYouList;
			productName = ThankYouList;
			productReference = A8831CC31E9CFE6B00F3CA0A /* ThankYouList.app */;
			productType = "com.apple.product-type.application";
		};
/* End PBXNativeTarget section */

/* Begin PBXProject section */
		A8831CBB1E9CFE6B00F3CA0A /* Project object */ = {
			isa = PBXProject;
			attributes = {
				LastSwiftUpdateCheck = 0820;
				LastUpgradeCheck = 1000;
				ORGANIZATIONNAME = "Aika Yamada";
				TargetAttributes = {
					A8831CC21E9CFE6B00F3CA0A = {
						CreatedOnToolsVersion = 8.2.1;
						DevelopmentTeam = 6JDKJKDJ28;
						ProvisioningStyle = Automatic;
						SystemCapabilities = {
							com.apple.Keychain = {
								enabled = 1;
							};
						};
					};
				};
			};
			buildConfigurationList = A8831CBE1E9CFE6B00F3CA0A /* Build configuration list for PBXProject "ThankYouList" */;
			compatibilityVersion = "Xcode 3.2";
			developmentRegion = English;
			hasScannedForEncodings = 0;
			knownRegions = (
				English,
				en,
				Base,
				ja,
			);
			mainGroup = A8831CBA1E9CFE6B00F3CA0A;
			productRefGroup = A8831CC41E9CFE6B00F3CA0A /* Products */;
			projectDirPath = "";
			projectRoot = "";
			targets = (
				A8831CC21E9CFE6B00F3CA0A /* ThankYouList */,
			);
		};
/* End PBXProject section */

/* Begin PBXResourcesBuildPhase section */
		A8831CC11E9CFE6B00F3CA0A /* Resources */ = {
			isa = PBXResourcesBuildPhase;
			buildActionMask = 2147483647;
			files = (
				A8AFE4CF22DB81960045C707 /* GoogleService-Info.plist in Resources */,
				A881350E2131432C00BE8F48 /* EmptyView.xib in Resources */,
				A84FDB5E21DC365F00593326 /* SettingHeaderView.xib in Resources */,
				A808C618220FAD06004162E4 /* SmallListView.xib in Resources */,
				A80EAE5C21FD5FA6006B02E8 /* ThankYouCell.xib in Resources */,
				A8C90AE22302ECCA008C6A4A /* ListScrollIndicatorTitleView.xib in Resources */,
				A8AC1BD01FAE00B600D1B25B /* Localizable.strings in Resources */,
				A8F06BB91F55396F00A90170 /* Launch Screen.storyboard in Resources */,
				A8114AFF22E448690024975A /* AddThankYou.storyboard in Resources */,
				A8114B0822E45BB90024975A /* Login.storyboard in Resources */,
				A810D8DC2346211E008F2E74 /* ColorAssets.xcassets in Resources */,
				A8C59B79243CD32200FF79EA /* MyPage.storyboard in Resources */,
				A8831CCE1E9CFE6B00F3CA0A /* Assets.xcassets in Resources */,
				A8114B0522E459F10024975A /* LeftMenu.storyboard in Resources */,
				A8114B0222E458C70024975A /* EditThankYou.storyboard in Resources */,
				A8114B0D23017DCC0024975A /* ListScrollIndicatorMovableIcon.xib in Resources */,
				A8114AF922E435960024975A /* ThankYouList.storyboard in Resources */,
				A8114AFC22E446BD0024975A /* ThankYouCalendar.storyboard in Resources */,
				A8B6EE932205900D00908D51 /* ListSectionHeaderView.xib in Resources */,
				A8BA38B91F5CC5F600817D5C /* images.xcassets in Resources */,
			);
			runOnlyForDeploymentPostprocessing = 0;
		};
/* End PBXResourcesBuildPhase section */

/* Begin PBXShellScriptBuildPhase section */
		0A62E865DE4A764E4E385068 /* [CP] Copy Pods Resources */ = {
			isa = PBXShellScriptBuildPhase;
			buildActionMask = 2147483647;
			files = (
			);
			inputPaths = (
				"${PODS_ROOT}/Target Support Files/Pods-ThankYouList/Pods-ThankYouList-resources.sh",
				"${PODS_ROOT}/GoogleSignIn/Resources/GoogleSignIn.bundle",
			);
			name = "[CP] Copy Pods Resources";
			outputPaths = (
				"${TARGET_BUILD_DIR}/${UNLOCALIZED_RESOURCES_FOLDER_PATH}/GoogleSignIn.bundle",
			);
			runOnlyForDeploymentPostprocessing = 0;
			shellPath = /bin/sh;
			shellScript = "\"${PODS_ROOT}/Target Support Files/Pods-ThankYouList/Pods-ThankYouList-resources.sh\"\n";
			showEnvVarsInLog = 0;
		};
		4A818A52C71909CB7AAB9067 /* [CP] Check Pods Manifest.lock */ = {
			isa = PBXShellScriptBuildPhase;
			buildActionMask = 2147483647;
			files = (
			);
			inputPaths = (
				"${PODS_PODFILE_DIR_PATH}/Podfile.lock",
				"${PODS_ROOT}/Manifest.lock",
			);
			name = "[CP] Check Pods Manifest.lock";
			outputPaths = (
				"$(DERIVED_FILE_DIR)/Pods-ThankYouList-checkManifestLockResult.txt",
			);
			runOnlyForDeploymentPostprocessing = 0;
			shellPath = /bin/sh;
			shellScript = "diff \"${PODS_PODFILE_DIR_PATH}/Podfile.lock\" \"${PODS_ROOT}/Manifest.lock\" > /dev/null\nif [ $? != 0 ] ; then\n    # print error to STDERR\n    echo \"error: The sandbox is not in sync with the Podfile.lock. Run 'pod install' or update your CocoaPods installation.\" >&2\n    exit 1\nfi\n# This output is used by Xcode 'outputs' to avoid re-running this script phase.\necho \"SUCCESS\" > \"${SCRIPT_OUTPUT_FILE_0}\"\n";
			showEnvVarsInLog = 0;
		};
		A8C59B74243CC7AD00FF79EA /* Generate R.generated */ = {
			isa = PBXShellScriptBuildPhase;
			buildActionMask = 2147483647;
			files = (
			);
			inputFileListPaths = (
			);
			inputPaths = (
				"$TEMP_DIR/rswift-lastrun",
			);
			name = "Generate R.generated";
			outputFileListPaths = (
			);
			outputPaths = (
				$SRCROOT/R.generated.swift,
			);
			runOnlyForDeploymentPostprocessing = 0;
			shellPath = /bin/sh;
			shellScript = "\"$PODS_ROOT/R.swift/rswift\" generate \"$SRCROOT/R.generated.swift\"\n";
		};
		D46E638CB34C7D224BCD3B6F /* [CP] Embed Pods Frameworks */ = {
			isa = PBXShellScriptBuildPhase;
			buildActionMask = 2147483647;
			files = (
			);
			inputPaths = (
				"${PODS_ROOT}/Target Support Files/Pods-ThankYouList/Pods-ThankYouList-frameworks.sh",
				"${BUILT_PRODUCTS_DIR}/Bolts/Bolts.framework",
				"${BUILT_PRODUCTS_DIR}/BoringSSL/openssl.framework",
				"${BUILT_PRODUCTS_DIR}/CryptoSwift/CryptoSwift.framework",
				"${BUILT_PRODUCTS_DIR}/FBSDKCoreKit/FBSDKCoreKit.framework",
				"${BUILT_PRODUCTS_DIR}/FBSDKLoginKit/FBSDKLoginKit.framework",
				"${BUILT_PRODUCTS_DIR}/FacebookCore/FacebookCore.framework",
				"${BUILT_PRODUCTS_DIR}/FacebookLogin/FacebookLogin.framework",
				"${BUILT_PRODUCTS_DIR}/GTMOAuth2/GTMOAuth2.framework",
				"${BUILT_PRODUCTS_DIR}/GTMSessionFetcher/GTMSessionFetcher.framework",
				"${BUILT_PRODUCTS_DIR}/GoogleToolboxForMac/GoogleToolboxForMac.framework",
				"${BUILT_PRODUCTS_DIR}/GoogleUtilities/GoogleUtilities.framework",
				"${BUILT_PRODUCTS_DIR}/JGProgressHUD/JGProgressHUD.framework",
				"${BUILT_PRODUCTS_DIR}/JTAppleCalendar/JTAppleCalendar.framework",
				"${BUILT_PRODUCTS_DIR}/Protobuf/Protobuf.framework",
				"${BUILT_PRODUCTS_DIR}/R.swift.Library/Rswift.framework",
				"${BUILT_PRODUCTS_DIR}/RNCryptor/RNCryptor.framework",
				"${BUILT_PRODUCTS_DIR}/gRPC/GRPCClient.framework",
				"${BUILT_PRODUCTS_DIR}/gRPC-C++/grpcpp.framework",
				"${BUILT_PRODUCTS_DIR}/gRPC-Core/grpc.framework",
				"${BUILT_PRODUCTS_DIR}/gRPC-ProtoRPC/ProtoRPC.framework",
				"${BUILT_PRODUCTS_DIR}/gRPC-RxLibrary/RxLibrary.framework",
				"${BUILT_PRODUCTS_DIR}/leveldb-library/leveldb.framework",
				"${BUILT_PRODUCTS_DIR}/nanopb/nanopb.framework",
			);
			name = "[CP] Embed Pods Frameworks";
			outputPaths = (
				"${TARGET_BUILD_DIR}/${FRAMEWORKS_FOLDER_PATH}/Bolts.framework",
				"${TARGET_BUILD_DIR}/${FRAMEWORKS_FOLDER_PATH}/openssl.framework",
				"${TARGET_BUILD_DIR}/${FRAMEWORKS_FOLDER_PATH}/CryptoSwift.framework",
				"${TARGET_BUILD_DIR}/${FRAMEWORKS_FOLDER_PATH}/FBSDKCoreKit.framework",
				"${TARGET_BUILD_DIR}/${FRAMEWORKS_FOLDER_PATH}/FBSDKLoginKit.framework",
				"${TARGET_BUILD_DIR}/${FRAMEWORKS_FOLDER_PATH}/FacebookCore.framework",
				"${TARGET_BUILD_DIR}/${FRAMEWORKS_FOLDER_PATH}/FacebookLogin.framework",
				"${TARGET_BUILD_DIR}/${FRAMEWORKS_FOLDER_PATH}/GTMOAuth2.framework",
				"${TARGET_BUILD_DIR}/${FRAMEWORKS_FOLDER_PATH}/GTMSessionFetcher.framework",
				"${TARGET_BUILD_DIR}/${FRAMEWORKS_FOLDER_PATH}/GoogleToolboxForMac.framework",
				"${TARGET_BUILD_DIR}/${FRAMEWORKS_FOLDER_PATH}/GoogleUtilities.framework",
				"${TARGET_BUILD_DIR}/${FRAMEWORKS_FOLDER_PATH}/JGProgressHUD.framework",
				"${TARGET_BUILD_DIR}/${FRAMEWORKS_FOLDER_PATH}/JTAppleCalendar.framework",
				"${TARGET_BUILD_DIR}/${FRAMEWORKS_FOLDER_PATH}/Protobuf.framework",
				"${TARGET_BUILD_DIR}/${FRAMEWORKS_FOLDER_PATH}/Rswift.framework",
				"${TARGET_BUILD_DIR}/${FRAMEWORKS_FOLDER_PATH}/RNCryptor.framework",
				"${TARGET_BUILD_DIR}/${FRAMEWORKS_FOLDER_PATH}/GRPCClient.framework",
				"${TARGET_BUILD_DIR}/${FRAMEWORKS_FOLDER_PATH}/grpcpp.framework",
				"${TARGET_BUILD_DIR}/${FRAMEWORKS_FOLDER_PATH}/grpc.framework",
				"${TARGET_BUILD_DIR}/${FRAMEWORKS_FOLDER_PATH}/ProtoRPC.framework",
				"${TARGET_BUILD_DIR}/${FRAMEWORKS_FOLDER_PATH}/RxLibrary.framework",
				"${TARGET_BUILD_DIR}/${FRAMEWORKS_FOLDER_PATH}/leveldb.framework",
				"${TARGET_BUILD_DIR}/${FRAMEWORKS_FOLDER_PATH}/nanopb.framework",
			);
			runOnlyForDeploymentPostprocessing = 0;
			shellPath = /bin/sh;
			shellScript = "\"${PODS_ROOT}/Target Support Files/Pods-ThankYouList/Pods-ThankYouList-frameworks.sh\"\n";
			showEnvVarsInLog = 0;
		};
/* End PBXShellScriptBuildPhase section */

/* Begin PBXSourcesBuildPhase section */
		A8831CBF1E9CFE6B00F3CA0A /* Sources */ = {
			isa = PBXSourcesBuildPhase;
			buildActionMask = 2147483647;
			files = (
				A810D8DA23461F99008F2E74 /* UIColor+Theme.swift in Sources */,
				A820DE5421C5432500E7F3DF /* NotificationConst.swift in Sources */,
				A8C59B7D243CD72300FF79EA /* UIViewController+Setup.swift in Sources */,
				A8F649B71EEB96D100D6BA84 /* GlobalThankYouData.swift in Sources */,
				A810D8E423483125008F2E74 /* String+Localizable.swift in Sources */,
				A841B339213ED3DE00E8AB5B /* LocalizedLabel.swift in Sources */,
				A8D41E1C21E0E07B00A77B48 /* SettingDateView.swift in Sources */,
				A8A0FE5C205D59170048AB33 /* LeftMenuVC.swift in Sources */,
				A88135102131435100BE8F48 /* EmptyView.swift in Sources */,
				A80EAE5621F44DD7006B02E8 /* EditThankYouViewController.swift in Sources */,
				A8831CC91E9CFE6B00F3CA0A /* ThankYouListViewController.swift in Sources */,
				A89CF876211C73AC00CA5518 /* SecretData.swift in Sources */,
				A866BEE520B931620073A76D /* TYLColor.swift in Sources */,
				A84FDB6021DC37EA00593326 /* SettingHeaderView.swift in Sources */,
				A8B6EE8E2201E41D00908D51 /* String+ToDate.swift in Sources */,
				A824150F205CE28C00172587 /* LoginVC.swift in Sources */,
				A8114B10230180EF0024975A /* ListScrollIndicator.swift in Sources */,
				A89AF9E72106905500FF6893 /* Crypto.swift in Sources */,
				A881350C211FD40C00BE8F48 /* BalloonView.swift in Sources */,
				A84FDB5C21DBB8DF00593326 /* AddThankYouViewController.swift in Sources */,
				A8A0FE61205E005D0048AB33 /* UIColor+SetColor.swift in Sources */,
				A8AC1BD71FD20E5500D1B25B /* MainTabBarController.swift in Sources */,
				A85D9D011EA64AF900945E6E /* ThankYouData.swift in Sources */,
				A866BEE3209EA2BC0073A76D /* LeftMenuTableViewCell.swift in Sources */,
				A808C616220FACF6004162E4 /* SmallListView.swift in Sources */,
				A8B6EE9122055CE900908D51 /* Date+ToString.swift in Sources */,
				A85DCC081F5D2151004E1095 /* CustomCell.swift in Sources */,
				A8114B0B23017DB70024975A /* ListScrollIndicatorMovableIcon.swift in Sources */,
				A8C59B76243CC86100FF79EA /* R.generated.swift in Sources */,
				A8B6EE952205902100908D51 /* ListSectionHeaderView.swift in Sources */,
				A80EAE5821F4C0B4006B02E8 /* UIView+Highlight.swift in Sources */,
				A80EAE5A21FD5F87006B02E8 /* ThankYouCell.swift in Sources */,
				A84CBEE220F198E500CBA0AB /* ConstStruct.swift in Sources */,
				A8DB2FBA1F5D41540055E8A4 /* CalendarViewController.swift in Sources */,
				A810D8E62348365B008F2E74 /* LocalizableExtensions.swift in Sources */,
				A8C59B7B243CD35D00FF79EA /* MyPageViewController.swift in Sources */,
				A8831CC71E9CFE6B00F3CA0A /* AppDelegate.swift in Sources */,
				A8C90AE02302ECA3008C6A4A /* ListScrollIndicatorTitleView.swift in Sources */,
				A820DE5721C61EF100E7F3DF /* UIView+Shadow.swift in Sources */,
				A83D5F891F5E961800E13FD8 /* CALayer+RuntimeAttribute.swift in Sources */,
				A8AC1BD31FAEA4B000D1B25B /* UITextView+PlaceHolder.swift in Sources */,
				A80210CD208CD0DB003ADEFD /* UserInfoLeftMenuTableViewCell.swift in Sources */,
			);
			runOnlyForDeploymentPostprocessing = 0;
		};
/* End PBXSourcesBuildPhase section */

/* Begin PBXVariantGroup section */
		A8AC1BCE1FAE00B600D1B25B /* Localizable.strings */ = {
			isa = PBXVariantGroup;
			children = (
				A8AC1BCF1FAE00B600D1B25B /* Base */,
				A8AC1BD11FAE00DE00D1B25B /* ja */,
			);
			name = Localizable.strings;
			sourceTree = "<group>";
		};
/* End PBXVariantGroup section */

/* Begin XCBuildConfiguration section */
		A8831CD31E9CFE6B00F3CA0A /* Debug */ = {
			isa = XCBuildConfiguration;
			buildSettings = {
				ALWAYS_SEARCH_USER_PATHS = NO;
				CLANG_ANALYZER_LOCALIZABILITY_NONLOCALIZED = YES;
				CLANG_ANALYZER_NONNULL = YES;
				CLANG_CXX_LANGUAGE_STANDARD = "gnu++0x";
				CLANG_CXX_LIBRARY = "libc++";
				CLANG_ENABLE_MODULES = YES;
				CLANG_ENABLE_OBJC_ARC = YES;
				CLANG_WARN_BLOCK_CAPTURE_AUTORELEASING = YES;
				CLANG_WARN_BOOL_CONVERSION = YES;
				CLANG_WARN_COMMA = YES;
				CLANG_WARN_CONSTANT_CONVERSION = YES;
				CLANG_WARN_DEPRECATED_OBJC_IMPLEMENTATIONS = YES;
				CLANG_WARN_DIRECT_OBJC_ISA_USAGE = YES_ERROR;
				CLANG_WARN_DOCUMENTATION_COMMENTS = YES;
				CLANG_WARN_EMPTY_BODY = YES;
				CLANG_WARN_ENUM_CONVERSION = YES;
				CLANG_WARN_INFINITE_RECURSION = YES;
				CLANG_WARN_INT_CONVERSION = YES;
				CLANG_WARN_NON_LITERAL_NULL_CONVERSION = YES;
				CLANG_WARN_OBJC_IMPLICIT_RETAIN_SELF = YES;
				CLANG_WARN_OBJC_LITERAL_CONVERSION = YES;
				CLANG_WARN_OBJC_ROOT_CLASS = YES_ERROR;
				CLANG_WARN_RANGE_LOOP_ANALYSIS = YES;
				CLANG_WARN_STRICT_PROTOTYPES = YES;
				CLANG_WARN_SUSPICIOUS_MOVE = YES;
				CLANG_WARN_UNREACHABLE_CODE = YES;
				CLANG_WARN__DUPLICATE_METHOD_MATCH = YES;
				"CODE_SIGN_IDENTITY[sdk=iphoneos*]" = "iPhone Developer";
				COPY_PHASE_STRIP = NO;
				DEBUG_INFORMATION_FORMAT = dwarf;
				ENABLE_STRICT_OBJC_MSGSEND = YES;
				ENABLE_TESTABILITY = YES;
				"FRAMEWORK_SEARCH_PATHS[arch=*]" = "$(SRCROOT)";
				GCC_C_LANGUAGE_STANDARD = gnu99;
				GCC_DYNAMIC_NO_PIC = NO;
				GCC_NO_COMMON_BLOCKS = YES;
				GCC_OPTIMIZATION_LEVEL = 0;
				GCC_PREPROCESSOR_DEFINITIONS = (
					"DEBUG=1",
					"$(inherited)",
				);
				GCC_WARN_64_TO_32_BIT_CONVERSION = YES;
				GCC_WARN_ABOUT_RETURN_TYPE = YES_ERROR;
				GCC_WARN_UNDECLARED_SELECTOR = YES;
				GCC_WARN_UNINITIALIZED_AUTOS = YES_AGGRESSIVE;
				GCC_WARN_UNUSED_FUNCTION = YES;
				GCC_WARN_UNUSED_VARIABLE = YES;
				IPHONEOS_DEPLOYMENT_TARGET = 10.2;
				MTL_ENABLE_DEBUG_INFO = YES;
				ONLY_ACTIVE_ARCH = YES;
				SDKROOT = iphoneos;
				SWIFT_ACTIVE_COMPILATION_CONDITIONS = DEBUG;
				"SWIFT_INCLUDE_PATHS[arch=*]" = "${SRCROOT}";
				SWIFT_OPTIMIZATION_LEVEL = "-Onone";
				SWIFT_VERSION = 4.2;
			};
			name = Debug;
		};
		A8831CD41E9CFE6B00F3CA0A /* Release */ = {
			isa = XCBuildConfiguration;
			buildSettings = {
				ALWAYS_SEARCH_USER_PATHS = NO;
				CLANG_ANALYZER_LOCALIZABILITY_NONLOCALIZED = YES;
				CLANG_ANALYZER_NONNULL = YES;
				CLANG_CXX_LANGUAGE_STANDARD = "gnu++0x";
				CLANG_CXX_LIBRARY = "libc++";
				CLANG_ENABLE_MODULES = YES;
				CLANG_ENABLE_OBJC_ARC = YES;
				CLANG_WARN_BLOCK_CAPTURE_AUTORELEASING = YES;
				CLANG_WARN_BOOL_CONVERSION = YES;
				CLANG_WARN_COMMA = YES;
				CLANG_WARN_CONSTANT_CONVERSION = YES;
				CLANG_WARN_DEPRECATED_OBJC_IMPLEMENTATIONS = YES;
				CLANG_WARN_DIRECT_OBJC_ISA_USAGE = YES_ERROR;
				CLANG_WARN_DOCUMENTATION_COMMENTS = YES;
				CLANG_WARN_EMPTY_BODY = YES;
				CLANG_WARN_ENUM_CONVERSION = YES;
				CLANG_WARN_INFINITE_RECURSION = YES;
				CLANG_WARN_INT_CONVERSION = YES;
				CLANG_WARN_NON_LITERAL_NULL_CONVERSION = YES;
				CLANG_WARN_OBJC_IMPLICIT_RETAIN_SELF = YES;
				CLANG_WARN_OBJC_LITERAL_CONVERSION = YES;
				CLANG_WARN_OBJC_ROOT_CLASS = YES_ERROR;
				CLANG_WARN_RANGE_LOOP_ANALYSIS = YES;
				CLANG_WARN_STRICT_PROTOTYPES = YES;
				CLANG_WARN_SUSPICIOUS_MOVE = YES;
				CLANG_WARN_UNREACHABLE_CODE = YES;
				CLANG_WARN__DUPLICATE_METHOD_MATCH = YES;
				"CODE_SIGN_IDENTITY[sdk=iphoneos*]" = "iPhone Developer";
				COPY_PHASE_STRIP = NO;
				DEBUG_INFORMATION_FORMAT = "dwarf-with-dsym";
				ENABLE_NS_ASSERTIONS = NO;
				ENABLE_STRICT_OBJC_MSGSEND = YES;
				GCC_C_LANGUAGE_STANDARD = gnu99;
				GCC_NO_COMMON_BLOCKS = YES;
				GCC_WARN_64_TO_32_BIT_CONVERSION = YES;
				GCC_WARN_ABOUT_RETURN_TYPE = YES_ERROR;
				GCC_WARN_UNDECLARED_SELECTOR = YES;
				GCC_WARN_UNINITIALIZED_AUTOS = YES_AGGRESSIVE;
				GCC_WARN_UNUSED_FUNCTION = YES;
				GCC_WARN_UNUSED_VARIABLE = YES;
				IPHONEOS_DEPLOYMENT_TARGET = 10.2;
				MTL_ENABLE_DEBUG_INFO = NO;
				SDKROOT = iphoneos;
				"SWIFT_INCLUDE_PATHS[arch=*]" = "${SRCROOT}";
				SWIFT_OPTIMIZATION_LEVEL = "-Owholemodule";
				SWIFT_VERSION = 4.2;
				VALIDATE_PRODUCT = YES;
			};
			name = Release;
		};
		A8831CD61E9CFE6B00F3CA0A /* Debug */ = {
			isa = XCBuildConfiguration;
			baseConfigurationReference = BA00FC82559EE1AEA8CE9577 /* Pods-ThankYouList.debug.xcconfig */;
			buildSettings = {
				ASSETCATALOG_COMPILER_APPICON_NAME = AppIcon;
				CODE_SIGN_ENTITLEMENTS = ThankYouList/Resources/ThankYouList.entitlements;
				CODE_SIGN_IDENTITY = "iPhone Developer";
				CODE_SIGN_STYLE = Automatic;
				DEVELOPMENT_TEAM = 6JDKJKDJ28;
				FRAMEWORK_SEARCH_PATHS = (
					"$(inherited)",
					"\"$PODS_CONFIGURATION_BUILD_DIR/Bolts\"",
					"\"$PODS_CONFIGURATION_BUILD_DIR/BoringSSL\"",
					"\"$PODS_CONFIGURATION_BUILD_DIR/FBSDKCoreKit\"",
					"\"$PODS_CONFIGURATION_BUILD_DIR/FBSDKLoginKit\"",
					"\"$PODS_CONFIGURATION_BUILD_DIR/FacebookCore\"",
					"\"$PODS_CONFIGURATION_BUILD_DIR/FacebookLogin\"",
					"\"$PODS_CONFIGURATION_BUILD_DIR/GTMOAuth2\"",
					"\"$PODS_CONFIGURATION_BUILD_DIR/GTMSessionFetcher\"",
					"\"$PODS_CONFIGURATION_BUILD_DIR/GoogleToolboxForMac\"",
					"\"$PODS_CONFIGURATION_BUILD_DIR/JTAppleCalendar\"",
					"\"$PODS_CONFIGURATION_BUILD_DIR/Protobuf\"",
					"\"$PODS_CONFIGURATION_BUILD_DIR/SlideMenuControllerSwift\"",
					"\"$PODS_CONFIGURATION_BUILD_DIR/gRPC\"",
					"\"$PODS_CONFIGURATION_BUILD_DIR/gRPC-Core\"",
					"\"$PODS_CONFIGURATION_BUILD_DIR/gRPC-ProtoRPC\"",
					"\"$PODS_CONFIGURATION_BUILD_DIR/gRPC-RxLibrary\"",
					"\"$PODS_CONFIGURATION_BUILD_DIR/leveldb-library\"",
					"\"$PODS_CONFIGURATION_BUILD_DIR/nanopb\"",
					"\"${PODS_ROOT}/FirebaseAnalytics/Frameworks\"",
					"\"${PODS_ROOT}/FirebaseAuth/Frameworks\"",
					"\"${PODS_ROOT}/FirebaseCore/Frameworks\"",
					"\"${PODS_ROOT}/FirebaseDatabase/Frameworks\"",
					"\"${PODS_ROOT}/FirebaseFirestore/Frameworks\"",
					"\"${PODS_ROOT}/FirebaseInstanceID/Frameworks\"",
					"\"${PODS_ROOT}/GoogleSignIn/Frameworks\"",
					"$(SRCROOT)",
				);
				INFOPLIST_FILE = ThankYouList/Resources/Info.plist;
				IPHONEOS_DEPLOYMENT_TARGET = 11.0;
				LD_RUNPATH_SEARCH_PATHS = "$(inherited) @executable_path/Frameworks";
				PRODUCT_BUNDLE_IDENTIFIER = com.balenaik.ThankYouList;
				PRODUCT_NAME = "$(TARGET_NAME)";
				PROVISIONING_PROFILE_SPECIFIER = "";
				SWIFT_VERSION = 5.0;
			};
			name = Debug;
		};
		A8831CD71E9CFE6B00F3CA0A /* Release */ = {
			isa = XCBuildConfiguration;
			baseConfigurationReference = A015AC112826D3ABF5A416EC /* Pods-ThankYouList.release.xcconfig */;
			buildSettings = {
				ASSETCATALOG_COMPILER_APPICON_NAME = AppIcon;
				CODE_SIGN_ENTITLEMENTS = ThankYouList/Resources/ThankYouList.entitlements;
				CODE_SIGN_IDENTITY = "iPhone Developer";
				CODE_SIGN_STYLE = Automatic;
				DEVELOPMENT_TEAM = 6JDKJKDJ28;
				INFOPLIST_FILE = ThankYouList/Resources/Info.plist;
				IPHONEOS_DEPLOYMENT_TARGET = 11.0;
				LD_RUNPATH_SEARCH_PATHS = "$(inherited) @executable_path/Frameworks";
				PRODUCT_BUNDLE_IDENTIFIER = com.balenaik.ThankYouList;
				PRODUCT_NAME = "$(TARGET_NAME)";
				PROVISIONING_PROFILE_SPECIFIER = "";
				SWIFT_VERSION = 5.0;
			};
			name = Release;
		};
/* End XCBuildConfiguration section */

/* Begin XCConfigurationList section */
		A8831CBE1E9CFE6B00F3CA0A /* Build configuration list for PBXProject "ThankYouList" */ = {
			isa = XCConfigurationList;
			buildConfigurations = (
				A8831CD31E9CFE6B00F3CA0A /* Debug */,
				A8831CD41E9CFE6B00F3CA0A /* Release */,
			);
			defaultConfigurationIsVisible = 0;
			defaultConfigurationName = Release;
		};
		A8831CD51E9CFE6B00F3CA0A /* Build configuration list for PBXNativeTarget "ThankYouList" */ = {
			isa = XCConfigurationList;
			buildConfigurations = (
				A8831CD61E9CFE6B00F3CA0A /* Debug */,
				A8831CD71E9CFE6B00F3CA0A /* Release */,
			);
			defaultConfigurationIsVisible = 0;
			defaultConfigurationName = Release;
		};
/* End XCConfigurationList section */
	};
	rootObject = A8831CBB1E9CFE6B00F3CA0A /* Project object */;
}
