// !$*UTF8*$!
{
	archiveVersion = 1;
	classes = {
	};
	objectVersion = 46;
	objects = {

/* Begin PBXBuildFile section */
		A80210CD208CD0DB003ADEFD /* UserInfoLeftMenuTableViewCell.swift in Sources */ = {isa = PBXBuildFile; fileRef = A80210CC208CD0DB003ADEFD /* UserInfoLeftMenuTableViewCell.swift */; };
		A824150F205CE28C00172587 /* LoginVC.swift in Sources */ = {isa = PBXBuildFile; fileRef = A824150E205CE28C00172587 /* LoginVC.swift */; };
		A83D5F891F5E961800E13FD8 /* CALayer+RuntimeAttribute.swift in Sources */ = {isa = PBXBuildFile; fileRef = A83D5F881F5E961800E13FD8 /* CALayer+RuntimeAttribute.swift */; };
		A841B337213A895F00E8AB5B /* GoogleService-Info.plist in Resources */ = {isa = PBXBuildFile; fileRef = A841B336213A895E00E8AB5B /* GoogleService-Info.plist */; };
		A841B339213ED3DE00E8AB5B /* LocalizedLabel.swift in Sources */ = {isa = PBXBuildFile; fileRef = A841B338213ED3DE00E8AB5B /* LocalizedLabel.swift */; };
		A84CBEE220F198E500CBA0AB /* ConstStruct.swift in Sources */ = {isa = PBXBuildFile; fileRef = A84CBEE120F198E400CBA0AB /* ConstStruct.swift */; };
		A85D9D011EA64AF900945E6E /* ThankYouData.swift in Sources */ = {isa = PBXBuildFile; fileRef = A85D9D001EA64AF900945E6E /* ThankYouData.swift */; };
		A85DCC081F5D2151004E1095 /* CustomCell.swift in Sources */ = {isa = PBXBuildFile; fileRef = A85DCC071F5D2151004E1095 /* CustomCell.swift */; };
		A85F02E21EC9BCC500654136 /* AddThankYouDataVC.swift in Sources */ = {isa = PBXBuildFile; fileRef = A85F02E11EC9BCC500654136 /* AddThankYouDataVC.swift */; };
		A864849B2160F5BF0049D90A /* Pods_ThankYouList.framework in Frameworks */ = {isa = PBXBuildFile; fileRef = 14D49C15FD4089235E28B5ED /* Pods_ThankYouList.framework */; };
		A866BEE3209EA2BC0073A76D /* LeftMenuTableViewCell.swift in Sources */ = {isa = PBXBuildFile; fileRef = A866BEE2209EA2BC0073A76D /* LeftMenuTableViewCell.swift */; };
		A866BEE520B931620073A76D /* TYLColor.swift in Sources */ = {isa = PBXBuildFile; fileRef = A866BEE420B931620073A76D /* TYLColor.swift */; };
		A881350C211FD40C00BE8F48 /* BalloonView.swift in Sources */ = {isa = PBXBuildFile; fileRef = A881350B211FD40C00BE8F48 /* BalloonView.swift */; };
		A881350E2131432C00BE8F48 /* EmptyView.xib in Resources */ = {isa = PBXBuildFile; fileRef = A881350D2131432C00BE8F48 /* EmptyView.xib */; };
		A88135102131435100BE8F48 /* EmptyView.swift in Sources */ = {isa = PBXBuildFile; fileRef = A881350F2131435100BE8F48 /* EmptyView.swift */; };
		A8831CC71E9CFE6B00F3CA0A /* AppDelegate.swift in Sources */ = {isa = PBXBuildFile; fileRef = A8831CC61E9CFE6B00F3CA0A /* AppDelegate.swift */; };
		A8831CC91E9CFE6B00F3CA0A /* ViewController.swift in Sources */ = {isa = PBXBuildFile; fileRef = A8831CC81E9CFE6B00F3CA0A /* ViewController.swift */; };
		A8831CCC1E9CFE6B00F3CA0A /* Main.storyboard in Resources */ = {isa = PBXBuildFile; fileRef = A8831CCA1E9CFE6B00F3CA0A /* Main.storyboard */; };
		A8831CCE1E9CFE6B00F3CA0A /* Assets.xcassets in Resources */ = {isa = PBXBuildFile; fileRef = A8831CCD1E9CFE6B00F3CA0A /* Assets.xcassets */; };
		A89AF9E72106905500FF6893 /* Crypto.swift in Sources */ = {isa = PBXBuildFile; fileRef = A89AF9E62106905500FF6893 /* Crypto.swift */; };
		A89CF876211C73AC00CA5518 /* SecretData.swift in Sources */ = {isa = PBXBuildFile; fileRef = A89CF875211C73AC00CA5518 /* SecretData.swift */; };
		A8A0FE5C205D59170048AB33 /* LeftMenuVC.swift in Sources */ = {isa = PBXBuildFile; fileRef = A8A0FE5B205D59170048AB33 /* LeftMenuVC.swift */; };
		A8A0FE61205E005D0048AB33 /* UIColor+SetColor.swift in Sources */ = {isa = PBXBuildFile; fileRef = A8A0FE60205E005D0048AB33 /* UIColor+SetColor.swift */; };
		A8AC1BD01FAE00B600D1B25B /* Localizable.strings in Resources */ = {isa = PBXBuildFile; fileRef = A8AC1BCE1FAE00B600D1B25B /* Localizable.strings */; };
		A8AC1BD31FAEA4B000D1B25B /* UITextViewPlaceHolder.swift in Sources */ = {isa = PBXBuildFile; fileRef = A8AC1BD21FAEA4AF00D1B25B /* UITextViewPlaceHolder.swift */; };
		A8AC1BD71FD20E5500D1B25B /* MainTabBarController.swift in Sources */ = {isa = PBXBuildFile; fileRef = A8AC1BD61FD20E5500D1B25B /* MainTabBarController.swift */; };
		A8BA38B91F5CC5F600817D5C /* images.xcassets in Resources */ = {isa = PBXBuildFile; fileRef = A8BA38B81F5CC5F600817D5C /* images.xcassets */; };
		A8DB2FBA1F5D41540055E8A4 /* CalendarVC.swift in Sources */ = {isa = PBXBuildFile; fileRef = A8DB2FB91F5D41540055E8A4 /* CalendarVC.swift */; };
		A8F06BB91F55396F00A90170 /* Launch Screen.storyboard in Resources */ = {isa = PBXBuildFile; fileRef = A8F06BB81F55396F00A90170 /* Launch Screen.storyboard */; };
		A8F06BBB1F55415700A90170 /* img in Resources */ = {isa = PBXBuildFile; fileRef = A8F06BBA1F55415700A90170 /* img */; };
		A8F5FDD81EFDF40B00266CE5 /* EditThankYouDataVC.swift in Sources */ = {isa = PBXBuildFile; fileRef = A8F5FDD71EFDF40B00266CE5 /* EditThankYouDataVC.swift */; };
		A8F649B71EEB96D100D6BA84 /* GlobalThankYouData.swift in Sources */ = {isa = PBXBuildFile; fileRef = A8F649B61EEB96D100D6BA84 /* GlobalThankYouData.swift */; };
/* End PBXBuildFile section */

/* Begin PBXFileReference section */
		14D49C15FD4089235E28B5ED /* Pods_ThankYouList.framework */ = {isa = PBXFileReference; explicitFileType = wrapper.framework; includeInIndex = 0; path = Pods_ThankYouList.framework; sourceTree = BUILT_PRODUCTS_DIR; };
		A015AC112826D3ABF5A416EC /* Pods-ThankYouList.release.xcconfig */ = {isa = PBXFileReference; includeInIndex = 1; lastKnownFileType = text.xcconfig; name = "Pods-ThankYouList.release.xcconfig"; path = "Pods/Target Support Files/Pods-ThankYouList/Pods-ThankYouList.release.xcconfig"; sourceTree = "<group>"; };
		A80210CC208CD0DB003ADEFD /* UserInfoLeftMenuTableViewCell.swift */ = {isa = PBXFileReference; lastKnownFileType = sourcecode.swift; path = UserInfoLeftMenuTableViewCell.swift; sourceTree = "<group>"; };
		A824150B205CDF5800172587 /* ThankYouList.entitlements */ = {isa = PBXFileReference; lastKnownFileType = text.plist.entitlements; path = ThankYouList.entitlements; sourceTree = "<group>"; };
		A824150E205CE28C00172587 /* LoginVC.swift */ = {isa = PBXFileReference; lastKnownFileType = sourcecode.swift; path = LoginVC.swift; sourceTree = "<group>"; };
		A82EB682210DA66D00CF1FDA /* module.modulemap */ = {isa = PBXFileReference; lastKnownFileType = "sourcecode.module-map"; path = module.modulemap; sourceTree = "<group>"; };
		A83D5F881F5E961800E13FD8 /* CALayer+RuntimeAttribute.swift */ = {isa = PBXFileReference; fileEncoding = 4; lastKnownFileType = sourcecode.swift; path = "CALayer+RuntimeAttribute.swift"; sourceTree = "<group>"; };
		A841B336213A895E00E8AB5B /* GoogleService-Info.plist */ = {isa = PBXFileReference; fileEncoding = 4; lastKnownFileType = text.plist.xml; path = "GoogleService-Info.plist"; sourceTree = "<group>"; };
		A841B338213ED3DE00E8AB5B /* LocalizedLabel.swift */ = {isa = PBXFileReference; lastKnownFileType = sourcecode.swift; path = LocalizedLabel.swift; sourceTree = "<group>"; };
		A84CBEE120F198E400CBA0AB /* ConstStruct.swift */ = {isa = PBXFileReference; lastKnownFileType = sourcecode.swift; path = ConstStruct.swift; sourceTree = "<group>"; };
		A85D9D001EA64AF900945E6E /* ThankYouData.swift */ = {isa = PBXFileReference; fileEncoding = 4; lastKnownFileType = sourcecode.swift; path = ThankYouData.swift; sourceTree = "<group>"; };
		A85DCC071F5D2151004E1095 /* CustomCell.swift */ = {isa = PBXFileReference; fileEncoding = 4; lastKnownFileType = sourcecode.swift; path = CustomCell.swift; sourceTree = "<group>"; };
		A85F02E11EC9BCC500654136 /* AddThankYouDataVC.swift */ = {isa = PBXFileReference; fileEncoding = 4; lastKnownFileType = sourcecode.swift; path = AddThankYouDataVC.swift; sourceTree = "<group>"; };
		A866BEE2209EA2BC0073A76D /* LeftMenuTableViewCell.swift */ = {isa = PBXFileReference; lastKnownFileType = sourcecode.swift; path = LeftMenuTableViewCell.swift; sourceTree = "<group>"; };
		A866BEE420B931620073A76D /* TYLColor.swift */ = {isa = PBXFileReference; lastKnownFileType = sourcecode.swift; path = TYLColor.swift; sourceTree = "<group>"; };
		A881350B211FD40C00BE8F48 /* BalloonView.swift */ = {isa = PBXFileReference; lastKnownFileType = sourcecode.swift; path = BalloonView.swift; sourceTree = "<group>"; };
		A881350D2131432C00BE8F48 /* EmptyView.xib */ = {isa = PBXFileReference; lastKnownFileType = file.xib; path = EmptyView.xib; sourceTree = "<group>"; };
		A881350F2131435100BE8F48 /* EmptyView.swift */ = {isa = PBXFileReference; lastKnownFileType = sourcecode.swift; path = EmptyView.swift; sourceTree = "<group>"; };
		A8831CC31E9CFE6B00F3CA0A /* ThankYouList.app */ = {isa = PBXFileReference; explicitFileType = wrapper.application; includeInIndex = 0; path = ThankYouList.app; sourceTree = BUILT_PRODUCTS_DIR; };
		A8831CC61E9CFE6B00F3CA0A /* AppDelegate.swift */ = {isa = PBXFileReference; lastKnownFileType = sourcecode.swift; path = AppDelegate.swift; sourceTree = "<group>"; };
		A8831CC81E9CFE6B00F3CA0A /* ViewController.swift */ = {isa = PBXFileReference; lastKnownFileType = sourcecode.swift; path = ViewController.swift; sourceTree = "<group>"; };
		A8831CCB1E9CFE6B00F3CA0A /* Base */ = {isa = PBXFileReference; lastKnownFileType = file.storyboard; name = Base; path = Base.lproj/Main.storyboard; sourceTree = "<group>"; };
		A8831CCD1E9CFE6B00F3CA0A /* Assets.xcassets */ = {isa = PBXFileReference; lastKnownFileType = folder.assetcatalog; path = Assets.xcassets; sourceTree = "<group>"; };
		A8831CD21E9CFE6B00F3CA0A /* Info.plist */ = {isa = PBXFileReference; lastKnownFileType = text.plist.xml; path = Info.plist; sourceTree = "<group>"; };
		A89AF9E62106905500FF6893 /* Crypto.swift */ = {isa = PBXFileReference; lastKnownFileType = sourcecode.swift; path = Crypto.swift; sourceTree = "<group>"; };
		A89CF875211C73AC00CA5518 /* SecretData.swift */ = {isa = PBXFileReference; lastKnownFileType = sourcecode.swift; path = SecretData.swift; sourceTree = "<group>"; };
		A8A0FE5B205D59170048AB33 /* LeftMenuVC.swift */ = {isa = PBXFileReference; lastKnownFileType = sourcecode.swift; path = LeftMenuVC.swift; sourceTree = "<group>"; };
		A8A0FE60205E005D0048AB33 /* UIColor+SetColor.swift */ = {isa = PBXFileReference; lastKnownFileType = sourcecode.swift; path = "UIColor+SetColor.swift"; sourceTree = "<group>"; };
		A8AC1BCD1FADE9DF00D1B25B /* ja */ = {isa = PBXFileReference; lastKnownFileType = text.plist.strings; name = ja; path = ja.lproj/Main.strings; sourceTree = "<group>"; };
		A8AC1BCF1FAE00B600D1B25B /* Base */ = {isa = PBXFileReference; lastKnownFileType = text.plist.strings; name = Base; path = Base.lproj/Localizable.strings; sourceTree = "<group>"; };
		A8AC1BD11FAE00DE00D1B25B /* ja */ = {isa = PBXFileReference; lastKnownFileType = text.plist.strings; name = ja; path = ja.lproj/Localizable.strings; sourceTree = "<group>"; };
		A8AC1BD21FAEA4AF00D1B25B /* UITextViewPlaceHolder.swift */ = {isa = PBXFileReference; lastKnownFileType = sourcecode.swift; path = UITextViewPlaceHolder.swift; sourceTree = "<group>"; };
		A8AC1BD61FD20E5500D1B25B /* MainTabBarController.swift */ = {isa = PBXFileReference; lastKnownFileType = sourcecode.swift; path = MainTabBarController.swift; sourceTree = "<group>"; };
		A8BA38B81F5CC5F600817D5C /* images.xcassets */ = {isa = PBXFileReference; lastKnownFileType = folder.assetcatalog; path = images.xcassets; sourceTree = "<group>"; };
		A8DB2FB91F5D41540055E8A4 /* CalendarVC.swift */ = {isa = PBXFileReference; fileEncoding = 4; lastKnownFileType = sourcecode.swift; path = CalendarVC.swift; sourceTree = "<group>"; };
		A8F06BB81F55396F00A90170 /* Launch Screen.storyboard */ = {isa = PBXFileReference; fileEncoding = 4; lastKnownFileType = file.storyboard; path = "Launch Screen.storyboard"; sourceTree = "<group>"; };
		A8F06BBA1F55415700A90170 /* img */ = {isa = PBXFileReference; lastKnownFileType = folder; path = img; sourceTree = "<group>"; };
		A8F5FDD71EFDF40B00266CE5 /* EditThankYouDataVC.swift */ = {isa = PBXFileReference; fileEncoding = 4; lastKnownFileType = sourcecode.swift; path = EditThankYouDataVC.swift; sourceTree = "<group>"; };
		A8F649B61EEB96D100D6BA84 /* GlobalThankYouData.swift */ = {isa = PBXFileReference; fileEncoding = 4; lastKnownFileType = sourcecode.swift; path = GlobalThankYouData.swift; sourceTree = "<group>"; };
		BA00FC82559EE1AEA8CE9577 /* Pods-ThankYouList.debug.xcconfig */ = {isa = PBXFileReference; includeInIndex = 1; lastKnownFileType = text.xcconfig; name = "Pods-ThankYouList.debug.xcconfig"; path = "Pods/Target Support Files/Pods-ThankYouList/Pods-ThankYouList.debug.xcconfig"; sourceTree = "<group>"; };
/* End PBXFileReference section */

/* Begin PBXFrameworksBuildPhase section */
		A8831CC01E9CFE6B00F3CA0A /* Frameworks */ = {
			isa = PBXFrameworksBuildPhase;
			buildActionMask = 2147483647;
			files = (
				A864849B2160F5BF0049D90A /* Pods_ThankYouList.framework in Frameworks */,
			);
			runOnlyForDeploymentPostprocessing = 0;
		};
/* End PBXFrameworksBuildPhase section */

/* Begin PBXGroup section */
		21D7F665A4A556DF37EC30AD /* Pods */ = {
			isa = PBXGroup;
			children = (
				BA00FC82559EE1AEA8CE9577 /* Pods-ThankYouList.debug.xcconfig */,
				A015AC112826D3ABF5A416EC /* Pods-ThankYouList.release.xcconfig */,
			);
			name = Pods;
			sourceTree = "<group>";
		};
		A881350A211FD37200BE8F48 /* Views */ = {
			isa = PBXGroup;
			children = (
				A866BEE2209EA2BC0073A76D /* LeftMenuTableViewCell.swift */,
				A85DCC071F5D2151004E1095 /* CustomCell.swift */,
				A80210CC208CD0DB003ADEFD /* UserInfoLeftMenuTableViewCell.swift */,
				A881350B211FD40C00BE8F48 /* BalloonView.swift */,
				A881350D2131432C00BE8F48 /* EmptyView.xib */,
				A881350F2131435100BE8F48 /* EmptyView.swift */,
			);
			path = Views;
			sourceTree = "<group>";
		};
		A8831CBA1E9CFE6B00F3CA0A = {
			isa = PBXGroup;
			children = (
				A8831CC41E9CFE6B00F3CA0A /* Products */,
				A8831CC51E9CFE6B00F3CA0A /* ThankYouList */,
				A8F06BBA1F55415700A90170 /* img */,
				21D7F665A4A556DF37EC30AD /* Pods */,
				D9B61224EE9861DF0D778DEA /* Frameworks */,
			);
			sourceTree = "<group>";
		};
		A8831CC41E9CFE6B00F3CA0A /* Products */ = {
			isa = PBXGroup;
			children = (
				A8831CC31E9CFE6B00F3CA0A /* ThankYouList.app */,
			);
			name = Products;
			sourceTree = "<group>";
		};
		A8831CC51E9CFE6B00F3CA0A /* ThankYouList */ = {
			isa = PBXGroup;
			children = (
				A841B336213A895E00E8AB5B /* GoogleService-Info.plist */,
				A881350A211FD37200BE8F48 /* Views */,
				A85D9D001EA64AF900945E6E /* ThankYouData.swift */,
				A8A0FE5F205DFCB40048AB33 /* Controllers */,
				A824150B205CDF5800172587 /* ThankYouList.entitlements */,
				A8831CC61E9CFE6B00F3CA0A /* AppDelegate.swift */,
				A8831CCD1E9CFE6B00F3CA0A /* Assets.xcassets */,
				A8F649B61EEB96D100D6BA84 /* GlobalThankYouData.swift */,
				A8831CD21E9CFE6B00F3CA0A /* Info.plist */,
				A8F06BB81F55396F00A90170 /* Launch Screen.storyboard */,
				A8831CCA1E9CFE6B00F3CA0A /* Main.storyboard */,
				A8AC1BCE1FAE00B600D1B25B /* Localizable.strings */,
				A8BA38B81F5CC5F600817D5C /* images.xcassets */,
				A83D5F881F5E961800E13FD8 /* CALayer+RuntimeAttribute.swift */,
				A8AC1BD21FAEA4AF00D1B25B /* UITextViewPlaceHolder.swift */,
				A8A0FE60205E005D0048AB33 /* UIColor+SetColor.swift */,
				A866BEE420B931620073A76D /* TYLColor.swift */,
				A84CBEE120F198E400CBA0AB /* ConstStruct.swift */,
				A89AF9E62106905500FF6893 /* Crypto.swift */,
				A82EB682210DA66D00CF1FDA /* module.modulemap */,
				A89CF875211C73AC00CA5518 /* SecretData.swift */,
				A841B338213ED3DE00E8AB5B /* LocalizedLabel.swift */,
			);
			path = ThankYouList;
			sourceTree = "<group>";
		};
		A8A0FE5F205DFCB40048AB33 /* Controllers */ = {
			isa = PBXGroup;
			children = (
				A824150E205CE28C00172587 /* LoginVC.swift */,
				A8AC1BD61FD20E5500D1B25B /* MainTabBarController.swift */,
				A8DB2FB91F5D41540055E8A4 /* CalendarVC.swift */,
				A8A0FE5B205D59170048AB33 /* LeftMenuVC.swift */,
				A8831CC81E9CFE6B00F3CA0A /* ViewController.swift */,
				A8F5FDD71EFDF40B00266CE5 /* EditThankYouDataVC.swift */,
				A85F02E11EC9BCC500654136 /* AddThankYouDataVC.swift */,
			);
			path = Controllers;
			sourceTree = "<group>";
		};
		D9B61224EE9861DF0D778DEA /* Frameworks */ = {
			isa = PBXGroup;
			children = (
				14D49C15FD4089235E28B5ED /* Pods_ThankYouList.framework */,
			);
			name = Frameworks;
			sourceTree = "<group>";
		};
/* End PBXGroup section */

/* Begin PBXNativeTarget section */
		A8831CC21E9CFE6B00F3CA0A /* ThankYouList */ = {
			isa = PBXNativeTarget;
			buildConfigurationList = A8831CD51E9CFE6B00F3CA0A /* Build configuration list for PBXNativeTarget "ThankYouList" */;
			buildPhases = (
				4A818A52C71909CB7AAB9067 /* [CP] Check Pods Manifest.lock */,
				A8831CBF1E9CFE6B00F3CA0A /* Sources */,
				A8831CC01E9CFE6B00F3CA0A /* Frameworks */,
				A8831CC11E9CFE6B00F3CA0A /* Resources */,
				D46E638CB34C7D224BCD3B6F /* [CP] Embed Pods Frameworks */,
				0A62E865DE4A764E4E385068 /* [CP] Copy Pods Resources */,
			);
			buildRules = (
			);
			dependencies = (
			);
			name = ThankYouList;
			productName = ThankYouList;
			productReference = A8831CC31E9CFE6B00F3CA0A /* ThankYouList.app */;
			productType = "com.apple.product-type.application";
		};
/* End PBXNativeTarget section */

/* Begin PBXProject section */
		A8831CBB1E9CFE6B00F3CA0A /* Project object */ = {
			isa = PBXProject;
			attributes = {
				LastSwiftUpdateCheck = 0820;
				LastUpgradeCheck = 1000;
				ORGANIZATIONNAME = "Aika Yamada";
				TargetAttributes = {
					A8831CC21E9CFE6B00F3CA0A = {
						CreatedOnToolsVersion = 8.2.1;
						DevelopmentTeam = 6JDKJKDJ28;
						ProvisioningStyle = Automatic;
						SystemCapabilities = {
							com.apple.Keychain = {
								enabled = 1;
							};
						};
					};
				};
			};
			buildConfigurationList = A8831CBE1E9CFE6B00F3CA0A /* Build configuration list for PBXProject "ThankYouList" */;
			compatibilityVersion = "Xcode 3.2";
			developmentRegion = English;
			hasScannedForEncodings = 0;
			knownRegions = (
				en,
				Base,
				ja,
			);
			mainGroup = A8831CBA1E9CFE6B00F3CA0A;
			productRefGroup = A8831CC41E9CFE6B00F3CA0A /* Products */;
			projectDirPath = "";
			projectRoot = "";
			targets = (
				A8831CC21E9CFE6B00F3CA0A /* ThankYouList */,
			);
		};
/* End PBXProject section */

/* Begin PBXResourcesBuildPhase section */
		A8831CC11E9CFE6B00F3CA0A /* Resources */ = {
			isa = PBXResourcesBuildPhase;
			buildActionMask = 2147483647;
			files = (
				A881350E2131432C00BE8F48 /* EmptyView.xib in Resources */,
				A841B337213A895F00E8AB5B /* GoogleService-Info.plist in Resources */,
				A8F06BBB1F55415700A90170 /* img in Resources */,
				A8AC1BD01FAE00B600D1B25B /* Localizable.strings in Resources */,
				A8F06BB91F55396F00A90170 /* Launch Screen.storyboard in Resources */,
				A8831CCE1E9CFE6B00F3CA0A /* Assets.xcassets in Resources */,
				A8831CCC1E9CFE6B00F3CA0A /* Main.storyboard in Resources */,
				A8BA38B91F5CC5F600817D5C /* images.xcassets in Resources */,
			);
			runOnlyForDeploymentPostprocessing = 0;
		};
/* End PBXResourcesBuildPhase section */

/* Begin PBXShellScriptBuildPhase section */
		0A62E865DE4A764E4E385068 /* [CP] Copy Pods Resources */ = {
			isa = PBXShellScriptBuildPhase;
			buildActionMask = 2147483647;
			files = (
			);
			inputPaths = (
				"${SRCROOT}/Pods/Target Support Files/Pods-ThankYouList/Pods-ThankYouList-resources.sh",
				"${PODS_ROOT}/GoogleSignIn/Resources/GoogleSignIn.bundle",
			);
			name = "[CP] Copy Pods Resources";
			outputPaths = (
				"${TARGET_BUILD_DIR}/${UNLOCALIZED_RESOURCES_FOLDER_PATH}/GoogleSignIn.bundle",
			);
			runOnlyForDeploymentPostprocessing = 0;
			shellPath = /bin/sh;
			shellScript = "\"${SRCROOT}/Pods/Target Support Files/Pods-ThankYouList/Pods-ThankYouList-resources.sh\"\n";
			showEnvVarsInLog = 0;
		};
		4A818A52C71909CB7AAB9067 /* [CP] Check Pods Manifest.lock */ = {
			isa = PBXShellScriptBuildPhase;
			buildActionMask = 2147483647;
			files = (
			);
			inputPaths = (
				"${PODS_PODFILE_DIR_PATH}/Podfile.lock",
				"${PODS_ROOT}/Manifest.lock",
			);
			name = "[CP] Check Pods Manifest.lock";
			outputPaths = (
				"$(DERIVED_FILE_DIR)/Pods-ThankYouList-checkManifestLockResult.txt",
			);
			runOnlyForDeploymentPostprocessing = 0;
			shellPath = /bin/sh;
			shellScript = "diff \"${PODS_PODFILE_DIR_PATH}/Podfile.lock\" \"${PODS_ROOT}/Manifest.lock\" > /dev/null\nif [ $? != 0 ] ; then\n    # print error to STDERR\n    echo \"error: The sandbox is not in sync with the Podfile.lock. Run 'pod install' or update your CocoaPods installation.\" >&2\n    exit 1\nfi\n# This output is used by Xcode 'outputs' to avoid re-running this script phase.\necho \"SUCCESS\" > \"${SCRIPT_OUTPUT_FILE_0}\"\n";
			showEnvVarsInLog = 0;
		};
		D46E638CB34C7D224BCD3B6F /* [CP] Embed Pods Frameworks */ = {
			isa = PBXShellScriptBuildPhase;
			buildActionMask = 2147483647;
			files = (
			);
			inputPaths = (
				"${SRCROOT}/Pods/Target Support Files/Pods-ThankYouList/Pods-ThankYouList-frameworks.sh",
				"${BUILT_PRODUCTS_DIR}/Bolts/Bolts.framework",
				"${BUILT_PRODUCTS_DIR}/BoringSSL/openssl.framework",
				"${BUILT_PRODUCTS_DIR}/CryptoSwift/CryptoSwift.framework",
				"${BUILT_PRODUCTS_DIR}/FBSDKCoreKit/FBSDKCoreKit.framework",
				"${BUILT_PRODUCTS_DIR}/FBSDKLoginKit/FBSDKLoginKit.framework",
				"${BUILT_PRODUCTS_DIR}/FacebookCore/FacebookCore.framework",
				"${BUILT_PRODUCTS_DIR}/FacebookLogin/FacebookLogin.framework",
				"${BUILT_PRODUCTS_DIR}/GTMOAuth2/GTMOAuth2.framework",
				"${BUILT_PRODUCTS_DIR}/GTMSessionFetcher/GTMSessionFetcher.framework",
				"${BUILT_PRODUCTS_DIR}/GoogleToolboxForMac/GoogleToolboxForMac.framework",
				"${BUILT_PRODUCTS_DIR}/GoogleUtilities/GoogleUtilities.framework",
				"${BUILT_PRODUCTS_DIR}/JTAppleCalendar/JTAppleCalendar.framework",
				"${BUILT_PRODUCTS_DIR}/Protobuf/Protobuf.framework",
				"${BUILT_PRODUCTS_DIR}/RNCryptor/RNCryptor.framework",
				"${BUILT_PRODUCTS_DIR}/SlideMenuControllerSwift/SlideMenuControllerSwift.framework",
				"${BUILT_PRODUCTS_DIR}/gRPC/GRPCClient.framework",
				"${BUILT_PRODUCTS_DIR}/gRPC-C++/grpcpp.framework",
				"${BUILT_PRODUCTS_DIR}/gRPC-Core/grpc.framework",
				"${BUILT_PRODUCTS_DIR}/gRPC-ProtoRPC/ProtoRPC.framework",
				"${BUILT_PRODUCTS_DIR}/gRPC-RxLibrary/RxLibrary.framework",
				"${BUILT_PRODUCTS_DIR}/leveldb-library/leveldb.framework",
				"${BUILT_PRODUCTS_DIR}/nanopb/nanopb.framework",
			);
			name = "[CP] Embed Pods Frameworks";
			outputPaths = (
				"${TARGET_BUILD_DIR}/${FRAMEWORKS_FOLDER_PATH}/Bolts.framework",
				"${TARGET_BUILD_DIR}/${FRAMEWORKS_FOLDER_PATH}/openssl.framework",
				"${TARGET_BUILD_DIR}/${FRAMEWORKS_FOLDER_PATH}/CryptoSwift.framework",
				"${TARGET_BUILD_DIR}/${FRAMEWORKS_FOLDER_PATH}/FBSDKCoreKit.framework",
				"${TARGET_BUILD_DIR}/${FRAMEWORKS_FOLDER_PATH}/FBSDKLoginKit.framework",
				"${TARGET_BUILD_DIR}/${FRAMEWORKS_FOLDER_PATH}/FacebookCore.framework",
				"${TARGET_BUILD_DIR}/${FRAMEWORKS_FOLDER_PATH}/FacebookLogin.framework",
				"${TARGET_BUILD_DIR}/${FRAMEWORKS_FOLDER_PATH}/GTMOAuth2.framework",
				"${TARGET_BUILD_DIR}/${FRAMEWORKS_FOLDER_PATH}/GTMSessionFetcher.framework",
				"${TARGET_BUILD_DIR}/${FRAMEWORKS_FOLDER_PATH}/GoogleToolboxForMac.framework",
				"${TARGET_BUILD_DIR}/${FRAMEWORKS_FOLDER_PATH}/GoogleUtilities.framework",
				"${TARGET_BUILD_DIR}/${FRAMEWORKS_FOLDER_PATH}/JTAppleCalendar.framework",
				"${TARGET_BUILD_DIR}/${FRAMEWORKS_FOLDER_PATH}/Protobuf.framework",
				"${TARGET_BUILD_DIR}/${FRAMEWORKS_FOLDER_PATH}/RNCryptor.framework",
				"${TARGET_BUILD_DIR}/${FRAMEWORKS_FOLDER_PATH}/SlideMenuControllerSwift.framework",
				"${TARGET_BUILD_DIR}/${FRAMEWORKS_FOLDER_PATH}/GRPCClient.framework",
				"${TARGET_BUILD_DIR}/${FRAMEWORKS_FOLDER_PATH}/grpcpp.framework",
				"${TARGET_BUILD_DIR}/${FRAMEWORKS_FOLDER_PATH}/grpc.framework",
				"${TARGET_BUILD_DIR}/${FRAMEWORKS_FOLDER_PATH}/ProtoRPC.framework",
				"${TARGET_BUILD_DIR}/${FRAMEWORKS_FOLDER_PATH}/RxLibrary.framework",
				"${TARGET_BUILD_DIR}/${FRAMEWORKS_FOLDER_PATH}/leveldb.framework",
				"${TARGET_BUILD_DIR}/${FRAMEWORKS_FOLDER_PATH}/nanopb.framework",
			);
			runOnlyForDeploymentPostprocessing = 0;
			shellPath = /bin/sh;
			shellScript = "\"${SRCROOT}/Pods/Target Support Files/Pods-ThankYouList/Pods-ThankYouList-frameworks.sh\"\n";
			showEnvVarsInLog = 0;
		};
/* End PBXShellScriptBuildPhase section */

/* Begin PBXSourcesBuildPhase section */
		A8831CBF1E9CFE6B00F3CA0A /* Sources */ = {
			isa = PBXSourcesBuildPhase;
			buildActionMask = 2147483647;
			files = (
				A8F649B71EEB96D100D6BA84 /* GlobalThankYouData.swift in Sources */,
				A841B339213ED3DE00E8AB5B /* LocalizedLabel.swift in Sources */,
				A8A0FE5C205D59170048AB33 /* LeftMenuVC.swift in Sources */,
				A88135102131435100BE8F48 /* EmptyView.swift in Sources */,
				A8831CC91E9CFE6B00F3CA0A /* ViewController.swift in Sources */,
				A89CF876211C73AC00CA5518 /* SecretData.swift in Sources */,
				A866BEE520B931620073A76D /* TYLColor.swift in Sources */,
				A824150F205CE28C00172587 /* LoginVC.swift in Sources */,
				A89AF9E72106905500FF6893 /* Crypto.swift in Sources */,
				A881350C211FD40C00BE8F48 /* BalloonView.swift in Sources */,
				A8A0FE61205E005D0048AB33 /* UIColor+SetColor.swift in Sources */,
				A8AC1BD71FD20E5500D1B25B /* MainTabBarController.swift in Sources */,
				A85F02E21EC9BCC500654136 /* AddThankYouDataVC.swift in Sources */,
				A8F5FDD81EFDF40B00266CE5 /* EditThankYouDataVC.swift in Sources */,
				A85D9D011EA64AF900945E6E /* ThankYouData.swift in Sources */,
				A866BEE3209EA2BC0073A76D /* LeftMenuTableViewCell.swift in Sources */,
				A85DCC081F5D2151004E1095 /* CustomCell.swift in Sources */,
				A84CBEE220F198E500CBA0AB /* ConstStruct.swift in Sources */,
				A8DB2FBA1F5D41540055E8A4 /* CalendarVC.swift in Sources */,
				A8831CC71E9CFE6B00F3CA0A /* AppDelegate.swift in Sources */,
				A83D5F891F5E961800E13FD8 /* CALayer+RuntimeAttribute.swift in Sources */,
				A8AC1BD31FAEA4B000D1B25B /* UITextViewPlaceHolder.swift in Sources */,
				A80210CD208CD0DB003ADEFD /* UserInfoLeftMenuTableViewCell.swift in Sources */,
			);
			runOnlyForDeploymentPostprocessing = 0;
		};
/* End PBXSourcesBuildPhase section */

/* Begin PBXVariantGroup section */
		A8831CCA1E9CFE6B00F3CA0A /* Main.storyboard */ = {
			isa = PBXVariantGroup;
			children = (
				A8831CCB1E9CFE6B00F3CA0A /* Base */,
				A8AC1BCD1FADE9DF00D1B25B /* ja */,
			);
			name = Main.storyboard;
			path = .;
			sourceTree = "<group>";
		};
		A8AC1BCE1FAE00B600D1B25B /* Localizable.strings */ = {
			isa = PBXVariantGroup;
			children = (
				A8AC1BCF1FAE00B600D1B25B /* Base */,
				A8AC1BD11FAE00DE00D1B25B /* ja */,
			);
			name = Localizable.strings;
			sourceTree = "<group>";
		};
/* End PBXVariantGroup section */

/* Begin XCBuildConfiguration section */
		A8831CD31E9CFE6B00F3CA0A /* Debug */ = {
			isa = XCBuildConfiguration;
			buildSettings = {
				ALWAYS_SEARCH_USER_PATHS = NO;
				CLANG_ANALYZER_LOCALIZABILITY_NONLOCALIZED = YES;
				CLANG_ANALYZER_NONNULL = YES;
				CLANG_CXX_LANGUAGE_STANDARD = "gnu++0x";
				CLANG_CXX_LIBRARY = "libc++";
				CLANG_ENABLE_MODULES = YES;
				CLANG_ENABLE_OBJC_ARC = YES;
				CLANG_WARN_BLOCK_CAPTURE_AUTORELEASING = YES;
				CLANG_WARN_BOOL_CONVERSION = YES;
				CLANG_WARN_COMMA = YES;
				CLANG_WARN_CONSTANT_CONVERSION = YES;
				CLANG_WARN_DEPRECATED_OBJC_IMPLEMENTATIONS = YES;
				CLANG_WARN_DIRECT_OBJC_ISA_USAGE = YES_ERROR;
				CLANG_WARN_DOCUMENTATION_COMMENTS = YES;
				CLANG_WARN_EMPTY_BODY = YES;
				CLANG_WARN_ENUM_CONVERSION = YES;
				CLANG_WARN_INFINITE_RECURSION = YES;
				CLANG_WARN_INT_CONVERSION = YES;
				CLANG_WARN_NON_LITERAL_NULL_CONVERSION = YES;
				CLANG_WARN_OBJC_IMPLICIT_RETAIN_SELF = YES;
				CLANG_WARN_OBJC_LITERAL_CONVERSION = YES;
				CLANG_WARN_OBJC_ROOT_CLASS = YES_ERROR;
				CLANG_WARN_RANGE_LOOP_ANALYSIS = YES;
				CLANG_WARN_STRICT_PROTOTYPES = YES;
				CLANG_WARN_SUSPICIOUS_MOVE = YES;
				CLANG_WARN_UNREACHABLE_CODE = YES;
				CLANG_WARN__DUPLICATE_METHOD_MATCH = YES;
				"CODE_SIGN_IDENTITY[sdk=iphoneos*]" = "iPhone Developer";
				COPY_PHASE_STRIP = NO;
				DEBUG_INFORMATION_FORMAT = dwarf;
				ENABLE_STRICT_OBJC_MSGSEND = YES;
				ENABLE_TESTABILITY = YES;
				"FRAMEWORK_SEARCH_PATHS[arch=*]" = "$(SRCROOT)";
				GCC_C_LANGUAGE_STANDARD = gnu99;
				GCC_DYNAMIC_NO_PIC = NO;
				GCC_NO_COMMON_BLOCKS = YES;
				GCC_OPTIMIZATION_LEVEL = 0;
				GCC_PREPROCESSOR_DEFINITIONS = (
					"DEBUG=1",
					"$(inherited)",
				);
				GCC_WARN_64_TO_32_BIT_CONVERSION = YES;
				GCC_WARN_ABOUT_RETURN_TYPE = YES_ERROR;
				GCC_WARN_UNDECLARED_SELECTOR = YES;
				GCC_WARN_UNINITIALIZED_AUTOS = YES_AGGRESSIVE;
				GCC_WARN_UNUSED_FUNCTION = YES;
				GCC_WARN_UNUSED_VARIABLE = YES;
				IPHONEOS_DEPLOYMENT_TARGET = 10.2;
				MTL_ENABLE_DEBUG_INFO = YES;
				ONLY_ACTIVE_ARCH = YES;
				SDKROOT = iphoneos;
				SWIFT_ACTIVE_COMPILATION_CONDITIONS = DEBUG;
				"SWIFT_INCLUDE_PATHS[arch=*]" = "${SRCROOT}";
				SWIFT_OPTIMIZATION_LEVEL = "-Onone";
				SWIFT_VERSION = 4.2;
			};
			name = Debug;
		};
		A8831CD41E9CFE6B00F3CA0A /* Release */ = {
			isa = XCBuildConfiguration;
			buildSettings = {
				ALWAYS_SEARCH_USER_PATHS = NO;
				CLANG_ANALYZER_LOCALIZABILITY_NONLOCALIZED = YES;
				CLANG_ANALYZER_NONNULL = YES;
				CLANG_CXX_LANGUAGE_STANDARD = "gnu++0x";
				CLANG_CXX_LIBRARY = "libc++";
				CLANG_ENABLE_MODULES = YES;
				CLANG_ENABLE_OBJC_ARC = YES;
				CLANG_WARN_BLOCK_CAPTURE_AUTORELEASING = YES;
				CLANG_WARN_BOOL_CONVERSION = YES;
				CLANG_WARN_COMMA = YES;
				CLANG_WARN_CONSTANT_CONVERSION = YES;
				CLANG_WARN_DEPRECATED_OBJC_IMPLEMENTATIONS = YES;
				CLANG_WARN_DIRECT_OBJC_ISA_USAGE = YES_ERROR;
				CLANG_WARN_DOCUMENTATION_COMMENTS = YES;
				CLANG_WARN_EMPTY_BODY = YES;
				CLANG_WARN_ENUM_CONVERSION = YES;
				CLANG_WARN_INFINITE_RECURSION = YES;
				CLANG_WARN_INT_CONVERSION = YES;
				CLANG_WARN_NON_LITERAL_NULL_CONVERSION = YES;
				CLANG_WARN_OBJC_IMPLICIT_RETAIN_SELF = YES;
				CLANG_WARN_OBJC_LITERAL_CONVERSION = YES;
				CLANG_WARN_OBJC_ROOT_CLASS = YES_ERROR;
				CLANG_WARN_RANGE_LOOP_ANALYSIS = YES;
				CLANG_WARN_STRICT_PROTOTYPES = YES;
				CLANG_WARN_SUSPICIOUS_MOVE = YES;
				CLANG_WARN_UNREACHABLE_CODE = YES;
				CLANG_WARN__DUPLICATE_METHOD_MATCH = YES;
				"CODE_SIGN_IDENTITY[sdk=iphoneos*]" = "iPhone Developer";
				COPY_PHASE_STRIP = NO;
				DEBUG_INFORMATION_FORMAT = "dwarf-with-dsym";
				ENABLE_NS_ASSERTIONS = NO;
				ENABLE_STRICT_OBJC_MSGSEND = YES;
				GCC_C_LANGUAGE_STANDARD = gnu99;
				GCC_NO_COMMON_BLOCKS = YES;
				GCC_WARN_64_TO_32_BIT_CONVERSION = YES;
				GCC_WARN_ABOUT_RETURN_TYPE = YES_ERROR;
				GCC_WARN_UNDECLARED_SELECTOR = YES;
				GCC_WARN_UNINITIALIZED_AUTOS = YES_AGGRESSIVE;
				GCC_WARN_UNUSED_FUNCTION = YES;
				GCC_WARN_UNUSED_VARIABLE = YES;
				IPHONEOS_DEPLOYMENT_TARGET = 10.2;
				MTL_ENABLE_DEBUG_INFO = NO;
				SDKROOT = iphoneos;
				"SWIFT_INCLUDE_PATHS[arch=*]" = "${SRCROOT}";
				SWIFT_OPTIMIZATION_LEVEL = "-Owholemodule";
				SWIFT_VERSION = 4.2;
				VALIDATE_PRODUCT = YES;
			};
			name = Release;
		};
		A8831CD61E9CFE6B00F3CA0A /* Debug */ = {
			isa = XCBuildConfiguration;
			baseConfigurationReference = BA00FC82559EE1AEA8CE9577 /* Pods-ThankYouList.debug.xcconfig */;
			buildSettings = {
				ASSETCATALOG_COMPILER_APPICON_NAME = AppIcon;
				CODE_SIGN_ENTITLEMENTS = ThankYouList/ThankYouList.entitlements;
				DEVELOPMENT_TEAM = 6JDKJKDJ28;
				FRAMEWORK_SEARCH_PATHS = (
					"$(inherited)",
					"\"$PODS_CONFIGURATION_BUILD_DIR/Bolts\"",
					"\"$PODS_CONFIGURATION_BUILD_DIR/BoringSSL\"",
					"\"$PODS_CONFIGURATION_BUILD_DIR/FBSDKCoreKit\"",
					"\"$PODS_CONFIGURATION_BUILD_DIR/FBSDKLoginKit\"",
					"\"$PODS_CONFIGURATION_BUILD_DIR/FacebookCore\"",
					"\"$PODS_CONFIGURATION_BUILD_DIR/FacebookLogin\"",
					"\"$PODS_CONFIGURATION_BUILD_DIR/GTMOAuth2\"",
					"\"$PODS_CONFIGURATION_BUILD_DIR/GTMSessionFetcher\"",
					"\"$PODS_CONFIGURATION_BUILD_DIR/GoogleToolboxForMac\"",
					"\"$PODS_CONFIGURATION_BUILD_DIR/JTAppleCalendar\"",
					"\"$PODS_CONFIGURATION_BUILD_DIR/Protobuf\"",
					"\"$PODS_CONFIGURATION_BUILD_DIR/SlideMenuControllerSwift\"",
					"\"$PODS_CONFIGURATION_BUILD_DIR/gRPC\"",
					"\"$PODS_CONFIGURATION_BUILD_DIR/gRPC-Core\"",
					"\"$PODS_CONFIGURATION_BUILD_DIR/gRPC-ProtoRPC\"",
					"\"$PODS_CONFIGURATION_BUILD_DIR/gRPC-RxLibrary\"",
					"\"$PODS_CONFIGURATION_BUILD_DIR/leveldb-library\"",
					"\"$PODS_CONFIGURATION_BUILD_DIR/nanopb\"",
					"\"${PODS_ROOT}/FirebaseAnalytics/Frameworks\"",
					"\"${PODS_ROOT}/FirebaseAuth/Frameworks\"",
					"\"${PODS_ROOT}/FirebaseCore/Frameworks\"",
					"\"${PODS_ROOT}/FirebaseDatabase/Frameworks\"",
					"\"${PODS_ROOT}/FirebaseFirestore/Frameworks\"",
					"\"${PODS_ROOT}/FirebaseInstanceID/Frameworks\"",
					"\"${PODS_ROOT}/GoogleSignIn/Frameworks\"",
					"$(SRCROOT)",
				);
				INFOPLIST_FILE = ThankYouList/Info.plist;
				LD_RUNPATH_SEARCH_PATHS = "$(inherited) @executable_path/Frameworks";
				PRODUCT_BUNDLE_IDENTIFIER = com.balenaik.ThankYouList;
				PRODUCT_NAME = "$(TARGET_NAME)";
				SWIFT_VERSION = 4.2;
			};
			name = Debug;
		};
		A8831CD71E9CFE6B00F3CA0A /* Release */ = {
			isa = XCBuildConfiguration;
			baseConfigurationReference = A015AC112826D3ABF5A416EC /* Pods-ThankYouList.release.xcconfig */;
			buildSettings = {
				ASSETCATALOG_COMPILER_APPICON_NAME = AppIcon;
				CODE_SIGN_ENTITLEMENTS = ThankYouList/ThankYouList.entitlements;
				DEVELOPMENT_TEAM = 6JDKJKDJ28;
				INFOPLIST_FILE = ThankYouList/Info.plist;
				LD_RUNPATH_SEARCH_PATHS = "$(inherited) @executable_path/Frameworks";
				PRODUCT_BUNDLE_IDENTIFIER = com.balenaik.ThankYouList;
				PRODUCT_NAME = "$(TARGET_NAME)";
				SWIFT_VERSION = 4.2;
			};
			name = Release;
		};
/* End XCBuildConfiguration section */

/* Begin XCConfigurationList section */
		A8831CBE1E9CFE6B00F3CA0A /* Build configuration list for PBXProject "ThankYouList" */ = {
			isa = XCConfigurationList;
			buildConfigurations = (
				A8831CD31E9CFE6B00F3CA0A /* Debug */,
				A8831CD41E9CFE6B00F3CA0A /* Release */,
			);
			defaultConfigurationIsVisible = 0;
			defaultConfigurationName = Release;
		};
		A8831CD51E9CFE6B00F3CA0A /* Build configuration list for PBXNativeTarget "ThankYouList" */ = {
			isa = XCConfigurationList;
			buildConfigurations = (
				A8831CD61E9CFE6B00F3CA0A /* Debug */,
				A8831CD71E9CFE6B00F3CA0A /* Release */,
			);
			defaultConfigurationIsVisible = 0;
			defaultConfigurationName = Release;
		};
/* End XCConfigurationList section */
	};
	rootObject = A8831CBB1E9CFE6B00F3CA0A /* Project object */;
}
