// !$*UTF8*$!
{
	archiveVersion = 1;
	classes = {
	};
	objectVersion = 46;
	objects = {

/* Begin PBXBuildFile section */
		A85D9D011EA64AF900945E6E /* ThankYouData.swift in Sources */ = {isa = PBXBuildFile; fileRef = A85D9D001EA64AF900945E6E /* ThankYouData.swift */; };
		A8831CC71E9CFE6B00F3CA0A /* AppDelegate.swift in Sources */ = {isa = PBXBuildFile; fileRef = A8831CC61E9CFE6B00F3CA0A /* AppDelegate.swift */; };
		A8831CC91E9CFE6B00F3CA0A /* ViewController.swift in Sources */ = {isa = PBXBuildFile; fileRef = A8831CC81E9CFE6B00F3CA0A /* ViewController.swift */; };
		A8831CCC1E9CFE6B00F3CA0A /* Main.storyboard in Resources */ = {isa = PBXBuildFile; fileRef = A8831CCA1E9CFE6B00F3CA0A /* Main.storyboard */; };
		A8831CCE1E9CFE6B00F3CA0A /* Assets.xcassets in Resources */ = {isa = PBXBuildFile; fileRef = A8831CCD1E9CFE6B00F3CA0A /* Assets.xcassets */; };
		A8831CD11E9CFE6B00F3CA0A /* LaunchScreen.storyboard in Resources */ = {isa = PBXBuildFile; fileRef = A8831CCF1E9CFE6B00F3CA0A /* LaunchScreen.storyboard */; };
/* End PBXBuildFile section */

/* Begin PBXFileReference section */
		A85D9D001EA64AF900945E6E /* ThankYouData.swift */ = {isa = PBXFileReference; fileEncoding = 4; lastKnownFileType = sourcecode.swift; path = ThankYouData.swift; sourceTree = "<group>"; };
		A8831CC31E9CFE6B00F3CA0A /* ThankYouList.app */ = {isa = PBXFileReference; explicitFileType = wrapper.application; includeInIndex = 0; path = ThankYouList.app; sourceTree = BUILT_PRODUCTS_DIR; };
		A8831CC61E9CFE6B00F3CA0A /* AppDelegate.swift */ = {isa = PBXFileReference; lastKnownFileType = sourcecode.swift; path = AppDelegate.swift; sourceTree = "<group>"; };
		A8831CC81E9CFE6B00F3CA0A /* ViewController.swift */ = {isa = PBXFileReference; lastKnownFileType = sourcecode.swift; path = ViewController.swift; sourceTree = "<group>"; };
		A8831CCB1E9CFE6B00F3CA0A /* Base */ = {isa = PBXFileReference; lastKnownFileType = file.storyboard; name = Base; path = Base.lproj/Main.storyboard; sourceTree = "<group>"; };
		A8831CCD1E9CFE6B00F3CA0A /* Assets.xcassets */ = {isa = PBXFileReference; lastKnownFileType = folder.assetcatalog; path = Assets.xcassets; sourceTree = "<group>"; };
		A8831CD01E9CFE6B00F3CA0A /* Base */ = {isa = PBXFileReference; lastKnownFileType = file.storyboard; name = Base; path = Base.lproj/LaunchScreen.storyboard; sourceTree = "<group>"; };
		A8831CD21E9CFE6B00F3CA0A /* Info.plist */ = {isa = PBXFileReference; lastKnownFileType = text.plist.xml; path = Info.plist; sourceTree = "<group>"; };
/* End PBXFileReference section */

/* Begin PBXFrameworksBuildPhase section */
		A8831CC01E9CFE6B00F3CA0A /* Frameworks */ = {
			isa = PBXFrameworksBuildPhase;
			buildActionMask = 2147483647;
			files = (
			);
			runOnlyForDeploymentPostprocessing = 0;
		};
/* End PBXFrameworksBuildPhase section */

/* Begin PBXGroup section */
		A8831CBA1E9CFE6B00F3CA0A = {
			isa = PBXGroup;
			children = (
				A85D9D001EA64AF900945E6E /* ThankYouData.swift */,
				A8831CC51E9CFE6B00F3CA0A /* ThankYouList */,
				A8831CC41E9CFE6B00F3CA0A /* Products */,
			);
			sourceTree = "<group>";
		};
		A8831CC41E9CFE6B00F3CA0A /* Products */ = {
			isa = PBXGroup;
			children = (
				A8831CC31E9CFE6B00F3CA0A /* ThankYouList.app */,
			);
			name = Products;
			sourceTree = "<group>";
		};
		A8831CC51E9CFE6B00F3CA0A /* ThankYouList */ = {
			isa = PBXGroup;
			children = (
				A8831CC61E9CFE6B00F3CA0A /* AppDelegate.swift */,
				A8831CC81E9CFE6B00F3CA0A /* ViewController.swift */,
				A8831CCA1E9CFE6B00F3CA0A /* Main.storyboard */,
				A8831CCD1E9CFE6B00F3CA0A /* Assets.xcassets */,
				A8831CCF1E9CFE6B00F3CA0A /* LaunchScreen.storyboard */,
				A8831CD21E9CFE6B00F3CA0A /* Info.plist */,
			);
			path = ThankYouList;
			sourceTree = "<group>";
		};
/* End PBXGroup section */

/* Begin PBXNativeTarget section */
		A8831CC21E9CFE6B00F3CA0A /* ThankYouList */ = {
			isa = PBXNativeTarget;
			buildConfigurationList = A8831CD51E9CFE6B00F3CA0A /* Build configuration list for PBXNativeTarget "ThankYouList" */;
			buildPhases = (
				A8831CBF1E9CFE6B00F3CA0A /* Sources */,
				A8831CC01E9CFE6B00F3CA0A /* Frameworks */,
				A8831CC11E9CFE6B00F3CA0A /* Resources */,
			);
			buildRules = (
			);
			dependencies = (
			);
			name = ThankYouList;
			productName = ThankYouList;
			productReference = A8831CC31E9CFE6B00F3CA0A /* ThankYouList.app */;
			productType = "com.apple.product-type.application";
		};
/* End PBXNativeTarget section */

/* Begin PBXProject section */
		A8831CBB1E9CFE6B00F3CA0A /* Project object */ = {
			isa = PBXProject;
			attributes = {
				LastSwiftUpdateCheck = 0820;
				LastUpgradeCheck = 0820;
				ORGANIZATIONNAME = "Aika Yamada";
				TargetAttributes = {
					A8831CC21E9CFE6B00F3CA0A = {
						CreatedOnToolsVersion = 8.2.1;
						DevelopmentTeam = 6JDKJKDJ28;
						ProvisioningStyle = Automatic;
					};
				};
			};
			buildConfigurationList = A8831CBE1E9CFE6B00F3CA0A /* Build configuration list for PBXProject "ThankYouList" */;
			compatibilityVersion = "Xcode 3.2";
			developmentRegion = English;
			hasScannedForEncodings = 0;
			knownRegions = (
				en,
				Base,
			);
			mainGroup = A8831CBA1E9CFE6B00F3CA0A;
			productRefGroup = A8831CC41E9CFE6B00F3CA0A /* Products */;
			projectDirPath = "";
			projectRoot = "";
			targets = (
				A8831CC21E9CFE6B00F3CA0A /* ThankYouList */,
			);
		};
/* End PBXProject section */

/* Begin PBXResourcesBuildPhase section */
		A8831CC11E9CFE6B00F3CA0A /* Resources */ = {
			isa = PBXResourcesBuildPhase;
			buildActionMask = 2147483647;
			files = (
				A8831CD11E9CFE6B00F3CA0A /* LaunchScreen.storyboard in Resources */,
				A8831CCE1E9CFE6B00F3CA0A /* Assets.xcassets in Resources */,
				A8831CCC1E9CFE6B00F3CA0A /* Main.storyboard in Resources */,
			);
			runOnlyForDeploymentPostprocessing = 0;
		};
/* End PBXResourcesBuildPhase section */

/* Begin PBXSourcesBuildPhase section */
		A8831CBF1E9CFE6B00F3CA0A /* Sources */ = {
			isa = PBXSourcesBuildPhase;
			buildActionMask = 2147483647;
			files = (
				A8831CC91E9CFE6B00F3CA0A /* ViewController.swift in Sources */,
				A85D9D011EA64AF900945E6E /* ThankYouData.swift in Sources */,
				A8831CC71E9CFE6B00F3CA0A /* AppDelegate.swift in Sources */,
			);
			runOnlyForDeploymentPostprocessing = 0;
		};
/* End PBXSourcesBuildPhase section */

/* Begin PBXVariantGroup section */
		A8831CCA1E9CFE6B00F3CA0A /* Main.storyboard */ = {
			isa = PBXVariantGroup;
			children = (
				A8831CCB1E9CFE6B00F3CA0A /* Base */,
			);
			name = Main.storyboard;
			sourceTree = "<group>";
		};
		A8831CCF1E9CFE6B00F3CA0A /* LaunchScreen.storyboard */ = {
			isa = PBXVariantGroup;
			children = (
				A8831CD01E9CFE6B00F3CA0A /* Base */,
			);
			name = LaunchScreen.storyboard;
			sourceTree = "<group>";
		};
/* End PBXVariantGroup section */

/* Begin XCBuildConfiguration section */
		A8831CD31E9CFE6B00F3CA0A /* Debug */ = {
			isa = XCBuildConfiguration;
			buildSettings = {
				ALWAYS_SEARCH_USER_PATHS = NO;
				CLANG_ANALYZER_NONNULL = YES;
				CLANG_CXX_LANGUAGE_STANDARD = "gnu++0x";
				CLANG_CXX_LIBRARY = "libc++";
				CLANG_ENABLE_MODULES = YES;
				CLANG_ENABLE_OBJC_ARC = YES;
				CLANG_WARN_BOOL_CONVERSION = YES;
				CLANG_WARN_CONSTANT_CONVERSION = YES;
				CLANG_WARN_DIRECT_OBJC_ISA_USAGE = YES_ERROR;
				CLANG_WARN_DOCUMENTATION_COMMENTS = YES;
				CLANG_WARN_EMPTY_BODY = YES;
				CLANG_WARN_ENUM_CONVERSION = YES;
				CLANG_WARN_INFINITE_RECURSION = YES;
				CLANG_WARN_INT_CONVERSION = YES;
				CLANG_WARN_OBJC_ROOT_CLASS = YES_ERROR;
				CLANG_WARN_SUSPICIOUS_MOVE = YES;
				CLANG_WARN_UNREACHABLE_CODE = YES;
				CLANG_WARN__DUPLICATE_METHOD_MATCH = YES;
				"CODE_SIGN_IDENTITY[sdk=iphoneos*]" = "iPhone Developer";
				COPY_PHASE_STRIP = NO;
				DEBUG_INFORMATION_FORMAT = dwarf;
				ENABLE_STRICT_OBJC_MSGSEND = YES;
				ENABLE_TESTABILITY = YES;
				GCC_C_LANGUAGE_STANDARD = gnu99;
				GCC_DYNAMIC_NO_PIC = NO;
				GCC_NO_COMMON_BLOCKS = YES;
				GCC_OPTIMIZATION_LEVEL = 0;
				GCC_PREPROCESSOR_DEFINITIONS = (
					"DEBUG=1",
					"$(inherited)",
				);
				GCC_WARN_64_TO_32_BIT_CONVERSION = YES;
				GCC_WARN_ABOUT_RETURN_TYPE = YES_ERROR;
				GCC_WARN_UNDECLARED_SELECTOR = YES;
				GCC_WARN_UNINITIALIZED_AUTOS = YES_AGGRESSIVE;
				GCC_WARN_UNUSED_FUNCTION = YES;
				GCC_WARN_UNUSED_VARIABLE = YES;
				IPHONEOS_DEPLOYMENT_TARGET = 10.2;
				MTL_ENABLE_DEBUG_INFO = YES;
				ONLY_ACTIVE_ARCH = YES;
				SDKROOT = iphoneos;
				SWIFT_ACTIVE_COMPILATION_CONDITIONS = DEBUG;
				SWIFT_OPTIMIZATION_LEVEL = "-Onone";
			};
			name = Debug;
		};
		A8831CD41E9CFE6B00F3CA0A /* Release */ = {
			isa = XCBuildConfiguration;
			buildSettings = {
				ALWAYS_SEARCH_USER_PATHS = NO;
				CLANG_ANALYZER_NONNULL = YES;
				CLANG_CXX_LANGUAGE_STANDARD = "gnu++0x";
				CLANG_CXX_LIBRARY = "libc++";
				CLANG_ENABLE_MODULES = YES;
				CLANG_ENABLE_OBJC_ARC = YES;
				CLANG_WARN_BOOL_CONVERSION = YES;
				CLANG_WARN_CONSTANT_CONVERSION = YES;
				CLANG_WARN_DIRECT_OBJC_ISA_USAGE = YES_ERROR;
				CLANG_WARN_DOCUMENTATION_COMMENTS = YES;
				CLANG_WARN_EMPTY_BODY = YES;
				CLANG_WARN_ENUM_CONVERSION = YES;
				CLANG_WARN_INFINITE_RECURSION = YES;
				CLANG_WARN_INT_CONVERSION = YES;
				CLANG_WARN_OBJC_ROOT_CLASS = YES_ERROR;
				CLANG_WARN_SUSPICIOUS_MOVE = YES;
				CLANG_WARN_UNREACHABLE_CODE = YES;
				CLANG_WARN__DUPLICATE_METHOD_MATCH = YES;
				"CODE_SIGN_IDENTITY[sdk=iphoneos*]" = "iPhone Developer";
				COPY_PHASE_STRIP = NO;
				DEBUG_INFORMATION_FORMAT = "dwarf-with-dsym";
				ENABLE_NS_ASSERTIONS = NO;
				ENABLE_STRICT_OBJC_MSGSEND = YES;
				GCC_C_LANGUAGE_STANDARD = gnu99;
				GCC_NO_COMMON_BLOCKS = YES;
				GCC_WARN_64_TO_32_BIT_CONVERSION = YES;
				GCC_WARN_ABOUT_RETURN_TYPE = YES_ERROR;
				GCC_WARN_UNDECLARED_SELECTOR = YES;
				GCC_WARN_UNINITIALIZED_AUTOS = YES_AGGRESSIVE;
				GCC_WARN_UNUSED_FUNCTION = YES;
				GCC_WARN_UNUSED_VARIABLE = YES;
				IPHONEOS_DEPLOYMENT_TARGET = 10.2;
				MTL_ENABLE_DEBUG_INFO = NO;
				SDKROOT = iphoneos;
				SWIFT_OPTIMIZATION_LEVEL = "-Owholemodule";
				VALIDATE_PRODUCT = YES;
			};
			name = Release;
		};
		A8831CD61E9CFE6B00F3CA0A /* Debug */ = {
			isa = XCBuildConfiguration;
			buildSettings = {
				ASSETCATALOG_COMPILER_APPICON_NAME = AppIcon;
				DEVELOPMENT_TEAM = 6JDKJKDJ28;
				INFOPLIST_FILE = ThankYouList/Info.plist;
				LD_RUNPATH_SEARCH_PATHS = "$(inherited) @executable_path/Frameworks";
				PRODUCT_BUNDLE_IDENTIFIER = com.balenaik.ThankYouList;
				PRODUCT_NAME = "$(TARGET_NAME)";
				SWIFT_VERSION = 3.0;
			};
			name = Debug;
		};
		A8831CD71E9CFE6B00F3CA0A /* Release */ = {
			isa = XCBuildConfiguration;
			buildSettings = {
				ASSETCATALOG_COMPILER_APPICON_NAME = AppIcon;
				DEVELOPMENT_TEAM = 6JDKJKDJ28;
				INFOPLIST_FILE = ThankYouList/Info.plist;
				LD_RUNPATH_SEARCH_PATHS = "$(inherited) @executable_path/Frameworks";
				PRODUCT_BUNDLE_IDENTIFIER = com.balenaik.ThankYouList;
				PRODUCT_NAME = "$(TARGET_NAME)";
				SWIFT_VERSION = 3.0;
			};
			name = Release;
		};
/* End XCBuildConfiguration section */

/* Begin XCConfigurationList section */
		A8831CBE1E9CFE6B00F3CA0A /* Build configuration list for PBXProject "ThankYouList" */ = {
			isa = XCConfigurationList;
			buildConfigurations = (
				A8831CD31E9CFE6B00F3CA0A /* Debug */,
				A8831CD41E9CFE6B00F3CA0A /* Release */,
			);
			defaultConfigurationIsVisible = 0;
			defaultConfigurationName = Release;
		};
		A8831CD51E9CFE6B00F3CA0A /* Build configuration list for PBXNativeTarget "ThankYouList" */ = {
			isa = XCConfigurationList;
			buildConfigurations = (
				A8831CD61E9CFE6B00F3CA0A /* Debug */,
				A8831CD71E9CFE6B00F3CA0A /* Release */,
			);
			defaultConfigurationIsVisible = 0;
			defaultConfigurationName = Release;
		};
/* End XCConfigurationList section */
	};
	rootObject = A8831CBB1E9CFE6B00F3CA0A /* Project object */;
}
